PODS:
  - GoogleAds-IMA-iOS-SDK (3.10.1)
  - ZappCore (0.1.3)
  - ZappGoogleAnalytics (0.1.0):
    - ZappCore
  - ZappGoogleInteractiveMediaAds (0.1.0):
    - GoogleAds-IMA-iOS-SDK
    - ZappCore

DEPENDENCIES:
  - ZappCore (from `./ZappCore.podspec`)
  - ZappGoogleAnalytics (from `./ZappGoogleAnalytics.podspec`)
  - ZappGoogleInteractiveMediaAds (from `./ZappGoogleInteractiveMediaAds.podspec`)

SPEC REPOS:
  https://cdn.cocoapods.org/:
    - GoogleAds-IMA-iOS-SDK

EXTERNAL SOURCES:
  ZappCore:
    :path: "./ZappCore.podspec"
  ZappGoogleAnalytics:
    :path: "./ZappGoogleAnalytics.podspec"
  ZappGoogleInteractiveMediaAds:
    :path: "./ZappGoogleInteractiveMediaAds.podspec"

SPEC CHECKSUMS:
  GoogleAds-IMA-iOS-SDK: 0e37ab83b22075ad631a70dcba9528cb246c92bf
  ZappCore: 353d0d799f48fe83fa7c412f53041a055d8feb62
  ZappGoogleAnalytics: 92e4fa3377291269d09a54dcb25ee2ae1ba14d16
  ZappGoogleInteractiveMediaAds: 23e7cde0be00b5157d82b46f728b81013f094b76

PODFILE CHECKSUM: 93d972d9e16d0b5ae4f5b69f1d5d36f44dfcadd8

COCOAPODS: 1.8.3
