PODS:
  - ZappCore (0.1.0)

DEPENDENCIES:
  - ZappCore (from `./Frameworks/ZappCore/ZappCore.podspec`)

EXTERNAL SOURCES:
  ZappCore:
    :path: "./Frameworks/ZappCore/ZappCore.podspec"

SPEC CHECKSUMS:
  ZappCore: 66252eeb2130866510d845cfca7be8c6316a9b38

PODFILE CHECKSUM: 89d6350ca0615fe61af1341aebca9958ca581a7d

COCOAPODS: 1.7.5
