PODS:
  - AppCenter/Core (2.5.3)
  - AppCenter/Crashes (2.5.3):
    - AppCenter/Core
  - Firebase/Analytics (6.14.0):
    - Firebase/Core
  - Firebase/Core (6.14.0):
    - Firebase/CoreOnly
    - FirebaseAnalytics (= 6.1.7)
  - Firebase/CoreOnly (6.14.0):
    - FirebaseCore (= 6.5.0)
  - FirebaseAnalytics (6.1.7):
    - FirebaseCore (~> 6.5)
    - FirebaseInstanceID (~> 4.2)
    - GoogleAppMeasurement (= 6.1.7)
    - GoogleUtilities/AppDelegateSwizzler (~> 6.0)
    - GoogleUtilities/MethodSwizzler (~> 6.0)
    - GoogleUtilities/Network (~> 6.0)
    - "GoogleUtilities/NSData+zlib (~> 6.0)"
    - nanopb (= 0.3.9011)
  - FirebaseCore (6.5.0):
    - FirebaseCoreDiagnostics (~> 1.0)
    - FirebaseCoreDiagnosticsInterop (~> 1.0)
    - GoogleUtilities/Environment (~> 6.4)
    - GoogleUtilities/Logger (~> 6.4)
  - FirebaseCoreDiagnostics (1.1.2):
    - FirebaseCoreDiagnosticsInterop (~> 1.0)
    - GoogleDataTransportCCTSupport (~> 1.0)
    - GoogleUtilities/Environment (~> 6.2)
    - GoogleUtilities/Logger (~> 6.2)
    - nanopb (~> 0.3.901)
  - FirebaseCoreDiagnosticsInterop (1.1.0)
  - FirebaseInstanceID (4.2.8):
    - FirebaseCore (~> 6.5)
    - GoogleUtilities/Environment (~> 6.4)
    - GoogleUtilities/UserDefaults (~> 6.4)
  - GoogleAds-IMA-iOS-SDK (3.11.1)
  - GoogleAppMeasurement (6.1.7):
    - GoogleUtilities/AppDelegateSwizzler (~> 6.0)
    - GoogleUtilities/MethodSwizzler (~> 6.0)
    - GoogleUtilities/Network (~> 6.0)
    - "GoogleUtilities/NSData+zlib (~> 6.0)"
    - nanopb (= 0.3.9011)
  - GoogleDataTransport (3.2.0)
  - GoogleDataTransportCCTSupport (1.2.3):
    - GoogleDataTransport (~> 3.2)
    - nanopb (~> 0.3.901)
  - GoogleUtilities/AppDelegateSwizzler (6.4.0):
    - GoogleUtilities/Environment
    - GoogleUtilities/Logger
    - GoogleUtilities/Network
  - GoogleUtilities/Environment (6.4.0)
  - GoogleUtilities/Logger (6.4.0):
    - GoogleUtilities/Environment
  - GoogleUtilities/MethodSwizzler (6.4.0):
    - GoogleUtilities/Logger
  - GoogleUtilities/Network (6.4.0):
    - GoogleUtilities/Logger
    - "GoogleUtilities/NSData+zlib"
    - GoogleUtilities/Reachability
  - "GoogleUtilities/NSData+zlib (6.4.0)"
  - GoogleUtilities/Reachability (6.4.0):
    - GoogleUtilities/Logger
  - GoogleUtilities/UserDefaults (6.4.0):
    - GoogleUtilities/Logger
  - nanopb (0.3.9011):
    - nanopb/decode (= 0.3.9011)
    - nanopb/encode (= 0.3.9011)
  - nanopb/decode (0.3.9011)
  - nanopb/encode (0.3.9011)
  - ZappCore (0.5.0)
  - ZappCrashlogsMsAppCenter (4.0.0):
    - AppCenter/Crashes (~> 2.5.3)
    - ZappCore
  - ZappFirebaseAnalytics (0.1.0):
    - Firebase/Analytics (= 6.14.0)
    - ZappCore
  - ZappGoogleAnalytics (0.3.1):
    - ZappCore
  - ZappGoogleInteractiveMediaAds (0.3.1):
    - GoogleAds-IMA-iOS-SDK
    - ZappCore

DEPENDENCIES:
  - ZappCore (from `./ZappCore.podspec`)
  - ZappCrashlogsMsAppCenter (from `./ZappCrashlogsMsAppCenter.podspec`)
  - ZappFirebaseAnalytics (from `./ZappFirebaseAnalytics.podspec`)
  - ZappGoogleAnalytics (from `./ZappGoogleAnalytics.podspec`)
  - ZappGoogleInteractiveMediaAds (from `./ZappGoogleInteractiveMediaAds.podspec`)

SPEC REPOS:
  trunk:
    - AppCenter
    - Firebase
    - FirebaseAnalytics
    - FirebaseCore
    - FirebaseCoreDiagnostics
    - FirebaseCoreDiagnosticsInterop
    - FirebaseInstanceID
    - GoogleAds-IMA-iOS-SDK
    - GoogleAppMeasurement
    - GoogleDataTransport
    - GoogleDataTransportCCTSupport
    - GoogleUtilities
    - nanopb

EXTERNAL SOURCES:
  ZappCore:
    :path: "./ZappCore.podspec"
  ZappCrashlogsMsAppCenter:
    :path: "./ZappCrashlogsMsAppCenter.podspec"
  ZappFirebaseAnalytics:
    :path: "./ZappFirebaseAnalytics.podspec"
  ZappGoogleAnalytics:
    :path: "./ZappGoogleAnalytics.podspec"
  ZappGoogleInteractiveMediaAds:
    :path: "./ZappGoogleInteractiveMediaAds.podspec"

SPEC CHECKSUMS:
  AppCenter: 765ff38c4d360fc5ec61b61a8be24d74cd6d4d83
  Firebase: 0219bb4782eb1406f1b9b0628a2e625484ce910d
  FirebaseAnalytics: f68b9f3f1241385129ae0a83b63627fc420c05e5
  FirebaseCore: 632e05cc5e1199d9147122c16d92305eb04c34bd
  FirebaseCoreDiagnostics: 511f4f3ed7d440bb69127e8b97c2bc8befae639e
  FirebaseCoreDiagnosticsInterop: e9b1b023157e3a2fc6418b5cb601e79b9af7b3a0
  FirebaseInstanceID: ce993a3c3670a8f5d47ce371ac5d143c560608c5
  GoogleAds-IMA-iOS-SDK: 5bc743cca6f70bb403f34a6a336a2dbe70e12e1e
  GoogleAppMeasurement: db118eb61a97dd8c4f7014e368d3c335cbbcf80a
  GoogleDataTransport: 8e9b210c97d55fbff306cc5468ff91b9cb32dcf5
  GoogleDataTransportCCTSupport: 202d7cdf9c4a7d81a2bb7f7e7e1ba6faa421b1f2
  GoogleUtilities: 29bd0d8f850efbd28cff6d99e8b7da1f8d236bcf
  nanopb: 18003b5e52dab79db540fe93fe9579f399bd1ccd
  ZappCore: a6ee61971787649bfdda338bed514236c7c16d52
  ZappCrashlogsMsAppCenter: 990fe62527f401f98cb881903153c40bf2b71ea8
  ZappFirebaseAnalytics: ce85c6fd4719e5e6ff5d0a6b32e3b9de2dc07939
  ZappGoogleAnalytics: eb1df7c3a060dfa3ef5f7b1b5f587e3d31aab6b1
  ZappGoogleInteractiveMediaAds: d679c10ffdaf53edb9dc189c69f4e46e8b7485a9

PODFILE CHECKSUM: aae4db7a2940e51c7cfe76d9334cde1efd98fa11

COCOAPODS: 1.8.3
