// !$*UTF8*$!
{
	archiveVersion = 1;
	classes = {
	};
	objectVersion = 50;
	objects = {

/* Begin PBXBuildFile section */
		4093C2C923B63C6100A98A35 /* ZappCore.framework in Frameworks */ = {isa = PBXBuildFile; fileRef = 4093C2BF23B63C6100A98A35 /* ZappCore.framework */; };
		4093C2CE23B63C6100A98A35 /* ZappCoreTests.swift in Sources */ = {isa = PBXBuildFile; fileRef = 4093C2CD23B63C6100A98A35 /* ZappCoreTests.swift */; };
		4093C2D023B63C6100A98A35 /* ZappCore.h in Headers */ = {isa = PBXBuildFile; fileRef = 4093C2C223B63C6100A98A35 /* ZappCore.h */; settings = {ATTRIBUTES = (Public, ); }; };
		4093C38023B6479700A98A35 /* ZPPluginModel.swift in Sources */ = {isa = PBXBuildFile; fileRef = 4093C35C23B6479700A98A35 /* ZPPluginModel.swift */; };
		4093C38123B6479700A98A35 /* ZPAdapterProtocol.swift in Sources */ = {isa = PBXBuildFile; fileRef = 4093C35D23B6479700A98A35 /* ZPAdapterProtocol.swift */; };
		4093C38223B6479700A98A35 /* PipesDataModelHelperMediaItem.swift in Sources */ = {isa = PBXBuildFile; fileRef = 4093C35F23B6479700A98A35 /* PipesDataModelHelperMediaItem.swift */; };
		4093C38323B6479700A98A35 /* PipesDataModelHelperExtensions.swift in Sources */ = {isa = PBXBuildFile; fileRef = 4093C36023B6479700A98A35 /* PipesDataModelHelperExtensions.swift */; };
		4093C38423B6479700A98A35 /* PipesDataModelHelper.swift in Sources */ = {isa = PBXBuildFile; fileRef = 4093C36123B6479700A98A35 /* PipesDataModelHelper.swift */; };
		4093C38523B6479700A98A35 /* PipesDataModelHelperContent.swift in Sources */ = {isa = PBXBuildFile; fileRef = 4093C36223B6479700A98A35 /* PipesDataModelHelperContent.swift */; };
		4093C38623B6479700A98A35 /* PipesDataModelHelperMediaGroups.swift in Sources */ = {isa = PBXBuildFile; fileRef = 4093C36323B6479700A98A35 /* PipesDataModelHelperMediaGroups.swift */; };
		4093C38723B6479700A98A35 /* CrashlogPluginProtocol.swift in Sources */ = {isa = PBXBuildFile; fileRef = 4093C36623B6479700A98A35 /* CrashlogPluginProtocol.swift */; };
		4093C38823B6479700A98A35 /* PlayerDependantPluginProtocol.swift in Sources */ = {isa = PBXBuildFile; fileRef = 4093C36923B6479700A98A35 /* PlayerDependantPluginProtocol.swift */; };
		4093C38923B6479700A98A35 /* DependablePlayerPluginProtocol.swift in Sources */ = {isa = PBXBuildFile; fileRef = 4093C36A23B6479700A98A35 /* DependablePlayerPluginProtocol.swift */; };
		4093C38A23B6479700A98A35 /* DependablePlayerAdDelegatePluginProtocol.swift in Sources */ = {isa = PBXBuildFile; fileRef = 4093C36B23B6479700A98A35 /* DependablePlayerAdDelegatePluginProtocol.swift */; };
		4093C38B23B6479700A98A35 /* AnalyticsProviderProtocol.swift in Sources */ = {isa = PBXBuildFile; fileRef = 4093C36E23B6479700A98A35 /* AnalyticsProviderProtocol.swift */; };
		4093C38C23B6479700A98A35 /* PlayerProtocol.swift in Sources */ = {isa = PBXBuildFile; fileRef = 4093C37023B6479700A98A35 /* PlayerProtocol.swift */; };
		4093C38D23B6479700A98A35 /* PlayerObserverProtocol.swift in Sources */ = {isa = PBXBuildFile; fileRef = 4093C37123B6479700A98A35 /* PlayerObserverProtocol.swift */; };
		4093C38E23B6479700A98A35 /* UserInterfaceLayerProtocol.swift in Sources */ = {isa = PBXBuildFile; fileRef = 4093C37423B6479700A98A35 /* UserInterfaceLayerProtocol.swift */; };
		4093C38F23B6479700A98A35 /* UserInterfaceLayerApplicationDelegate.swift in Sources */ = {isa = PBXBuildFile; fileRef = 4093C37623B6479700A98A35 /* UserInterfaceLayerApplicationDelegate.swift */; };
		4093C39023B6479700A98A35 /* FacadeConnectorProtocol.swift in Sources */ = {isa = PBXBuildFile; fileRef = 4093C37823B6479700A98A35 /* FacadeConnectorProtocol.swift */; };
		4093C39123B6479700A98A35 /* FacadeConnector.swift in Sources */ = {isa = PBXBuildFile; fileRef = 4093C37923B6479700A98A35 /* FacadeConnector.swift */; };
		4093C39223B6479700A98A35 /* FacadeConnectorAppDataProtocol.swift in Sources */ = {isa = PBXBuildFile; fileRef = 4093C37B23B6479700A98A35 /* FacadeConnectorAppDataProtocol.swift */; };
		4093C39323B6479700A98A35 /* FacadeConnectorPlayerDependantProtocol.swift in Sources */ = {isa = PBXBuildFile; fileRef = 4093C37C23B6479700A98A35 /* FacadeConnectorPlayerDependantProtocol.swift */; };
		4093C39423B6479700A98A35 /* FacadeConnectorAnalyticsProtocol.swift in Sources */ = {isa = PBXBuildFile; fileRef = 4093C37D23B6479700A98A35 /* FacadeConnectorAnalyticsProtocol.swift */; };
		4093C39523B6479700A98A35 /* FacadeConnectorPluginManagerProtocol.swift in Sources */ = {isa = PBXBuildFile; fileRef = 4093C37E23B6479700A98A35 /* FacadeConnectorPluginManagerProtocol.swift */; };
		4093C39623B6479700A98A35 /* FacadeConnectorStorageProtocol.swift in Sources */ = {isa = PBXBuildFile; fileRef = 4093C37F23B6479700A98A35 /* FacadeConnectorStorageProtocol.swift */; };
		4093C39823B65EF100A98A35 /* APTimedEvent.swift in Sources */ = {isa = PBXBuildFile; fileRef = 4093C39723B65EF100A98A35 /* APTimedEvent.swift */; };
/* End PBXBuildFile section */

/* Begin PBXContainerItemProxy section */
		4093C2CA23B63C6100A98A35 /* PBXContainerItemProxy */ = {
			isa = PBXContainerItemProxy;
			containerPortal = 4093C2B623B63C6100A98A35 /* Project object */;
			proxyType = 1;
			remoteGlobalIDString = 4093C2BE23B63C6100A98A35;
			remoteInfo = ZappCore;
		};
/* End PBXContainerItemProxy section */

/* Begin PBXFileReference section */
		4093C2BF23B63C6100A98A35 /* ZappCore.framework */ = {isa = PBXFileReference; explicitFileType = wrapper.framework; includeInIndex = 0; path = ZappCore.framework; sourceTree = BUILT_PRODUCTS_DIR; };
		4093C2C223B63C6100A98A35 /* ZappCore.h */ = {isa = PBXFileReference; lastKnownFileType = sourcecode.c.h; path = ZappCore.h; sourceTree = "<group>"; };
		4093C2C323B63C6100A98A35 /* Info.plist */ = {isa = PBXFileReference; lastKnownFileType = text.plist.xml; path = Info.plist; sourceTree = "<group>"; };
		4093C2C823B63C6100A98A35 /* ZappCoreTests.xctest */ = {isa = PBXFileReference; explicitFileType = wrapper.cfbundle; includeInIndex = 0; path = ZappCoreTests.xctest; sourceTree = BUILT_PRODUCTS_DIR; };
		4093C2CD23B63C6100A98A35 /* ZappCoreTests.swift */ = {isa = PBXFileReference; lastKnownFileType = sourcecode.swift; path = ZappCoreTests.swift; sourceTree = "<group>"; };
		4093C2CF23B63C6100A98A35 /* Info.plist */ = {isa = PBXFileReference; lastKnownFileType = text.plist.xml; path = Info.plist; sourceTree = "<group>"; };
		4093C35C23B6479700A98A35 /* ZPPluginModel.swift */ = {isa = PBXFileReference; fileEncoding = 4; lastKnownFileType = sourcecode.swift; path = ZPPluginModel.swift; sourceTree = "<group>"; };
		4093C35D23B6479700A98A35 /* ZPAdapterProtocol.swift */ = {isa = PBXFileReference; fileEncoding = 4; lastKnownFileType = sourcecode.swift; path = ZPAdapterProtocol.swift; sourceTree = "<group>"; };
		4093C35F23B6479700A98A35 /* PipesDataModelHelperMediaItem.swift */ = {isa = PBXFileReference; fileEncoding = 4; lastKnownFileType = sourcecode.swift; path = PipesDataModelHelperMediaItem.swift; sourceTree = "<group>"; };
		4093C36023B6479700A98A35 /* PipesDataModelHelperExtensions.swift */ = {isa = PBXFileReference; fileEncoding = 4; lastKnownFileType = sourcecode.swift; path = PipesDataModelHelperExtensions.swift; sourceTree = "<group>"; };
		4093C36123B6479700A98A35 /* PipesDataModelHelper.swift */ = {isa = PBXFileReference; fileEncoding = 4; lastKnownFileType = sourcecode.swift; path = PipesDataModelHelper.swift; sourceTree = "<group>"; };
		4093C36223B6479700A98A35 /* PipesDataModelHelperContent.swift */ = {isa = PBXFileReference; fileEncoding = 4; lastKnownFileType = sourcecode.swift; path = PipesDataModelHelperContent.swift; sourceTree = "<group>"; };
		4093C36323B6479700A98A35 /* PipesDataModelHelperMediaGroups.swift */ = {isa = PBXFileReference; fileEncoding = 4; lastKnownFileType = sourcecode.swift; path = PipesDataModelHelperMediaGroups.swift; sourceTree = "<group>"; };
		4093C36623B6479700A98A35 /* CrashlogPluginProtocol.swift */ = {isa = PBXFileReference; fileEncoding = 4; lastKnownFileType = sourcecode.swift; path = CrashlogPluginProtocol.swift; sourceTree = "<group>"; };
		4093C36923B6479700A98A35 /* PlayerDependantPluginProtocol.swift */ = {isa = PBXFileReference; fileEncoding = 4; lastKnownFileType = sourcecode.swift; path = PlayerDependantPluginProtocol.swift; sourceTree = "<group>"; };
		4093C36A23B6479700A98A35 /* DependablePlayerPluginProtocol.swift */ = {isa = PBXFileReference; fileEncoding = 4; lastKnownFileType = sourcecode.swift; path = DependablePlayerPluginProtocol.swift; sourceTree = "<group>"; };
		4093C36B23B6479700A98A35 /* DependablePlayerAdDelegatePluginProtocol.swift */ = {isa = PBXFileReference; fileEncoding = 4; lastKnownFileType = sourcecode.swift; path = DependablePlayerAdDelegatePluginProtocol.swift; sourceTree = "<group>"; };
		4093C36E23B6479700A98A35 /* AnalyticsProviderProtocol.swift */ = {isa = PBXFileReference; fileEncoding = 4; lastKnownFileType = sourcecode.swift; path = AnalyticsProviderProtocol.swift; sourceTree = "<group>"; };
		4093C37023B6479700A98A35 /* PlayerProtocol.swift */ = {isa = PBXFileReference; fileEncoding = 4; lastKnownFileType = sourcecode.swift; path = PlayerProtocol.swift; sourceTree = "<group>"; };
		4093C37123B6479700A98A35 /* PlayerObserverProtocol.swift */ = {isa = PBXFileReference; fileEncoding = 4; lastKnownFileType = sourcecode.swift; path = PlayerObserverProtocol.swift; sourceTree = "<group>"; };
		4093C37423B6479700A98A35 /* UserInterfaceLayerProtocol.swift */ = {isa = PBXFileReference; fileEncoding = 4; lastKnownFileType = sourcecode.swift; path = UserInterfaceLayerProtocol.swift; sourceTree = "<group>"; };
		4093C37623B6479700A98A35 /* UserInterfaceLayerApplicationDelegate.swift */ = {isa = PBXFileReference; fileEncoding = 4; lastKnownFileType = sourcecode.swift; path = UserInterfaceLayerApplicationDelegate.swift; sourceTree = "<group>"; };
		4093C37823B6479700A98A35 /* FacadeConnectorProtocol.swift */ = {isa = PBXFileReference; fileEncoding = 4; lastKnownFileType = sourcecode.swift; path = FacadeConnectorProtocol.swift; sourceTree = "<group>"; };
		4093C37923B6479700A98A35 /* FacadeConnector.swift */ = {isa = PBXFileReference; fileEncoding = 4; lastKnownFileType = sourcecode.swift; path = FacadeConnector.swift; sourceTree = "<group>"; };
		4093C37B23B6479700A98A35 /* FacadeConnectorAppDataProtocol.swift */ = {isa = PBXFileReference; fileEncoding = 4; lastKnownFileType = sourcecode.swift; path = FacadeConnectorAppDataProtocol.swift; sourceTree = "<group>"; };
		4093C37C23B6479700A98A35 /* FacadeConnectorPlayerDependantProtocol.swift */ = {isa = PBXFileReference; fileEncoding = 4; lastKnownFileType = sourcecode.swift; path = FacadeConnectorPlayerDependantProtocol.swift; sourceTree = "<group>"; };
		4093C37D23B6479700A98A35 /* FacadeConnectorAnalyticsProtocol.swift */ = {isa = PBXFileReference; fileEncoding = 4; lastKnownFileType = sourcecode.swift; path = FacadeConnectorAnalyticsProtocol.swift; sourceTree = "<group>"; };
		4093C37E23B6479700A98A35 /* FacadeConnectorPluginManagerProtocol.swift */ = {isa = PBXFileReference; fileEncoding = 4; lastKnownFileType = sourcecode.swift; path = FacadeConnectorPluginManagerProtocol.swift; sourceTree = "<group>"; };
		4093C37F23B6479700A98A35 /* FacadeConnectorStorageProtocol.swift */ = {isa = PBXFileReference; fileEncoding = 4; lastKnownFileType = sourcecode.swift; path = FacadeConnectorStorageProtocol.swift; sourceTree = "<group>"; };
		4093C39723B65EF100A98A35 /* APTimedEvent.swift */ = {isa = PBXFileReference; lastKnownFileType = sourcecode.swift; path = APTimedEvent.swift; sourceTree = "<group>"; };
/* End PBXFileReference section */

/* Begin PBXFrameworksBuildPhase section */
		4093C2BC23B63C6100A98A35 /* Frameworks */ = {
			isa = PBXFrameworksBuildPhase;
			buildActionMask = 2147483647;
			files = (
			);
			runOnlyForDeploymentPostprocessing = 0;
		};
		4093C2C523B63C6100A98A35 /* Frameworks */ = {
			isa = PBXFrameworksBuildPhase;
			buildActionMask = 2147483647;
			files = (
				4093C2C923B63C6100A98A35 /* ZappCore.framework in Frameworks */,
			);
			runOnlyForDeploymentPostprocessing = 0;
		};
/* End PBXFrameworksBuildPhase section */

/* Begin PBXGroup section */
		4093C2B523B63C6100A98A35 = {
			isa = PBXGroup;
			children = (
				4093C35A23B6479700A98A35 /* Universal */,
				4093C2C123B63C6100A98A35 /* ZappCore */,
				4093C2CC23B63C6100A98A35 /* ZappCoreTests */,
				4093C2C023B63C6100A98A35 /* Products */,
			);
			sourceTree = "<group>";
		};
		4093C2C023B63C6100A98A35 /* Products */ = {
			isa = PBXGroup;
			children = (
				4093C2BF23B63C6100A98A35 /* ZappCore.framework */,
				4093C2C823B63C6100A98A35 /* ZappCoreTests.xctest */,
			);
			name = Products;
			sourceTree = "<group>";
		};
		4093C2C123B63C6100A98A35 /* ZappCore */ = {
			isa = PBXGroup;
			children = (
				4093C2C223B63C6100A98A35 /* ZappCore.h */,
				4093C2C323B63C6100A98A35 /* Info.plist */,
			);
			path = ZappCore;
			sourceTree = "<group>";
		};
		4093C2CC23B63C6100A98A35 /* ZappCoreTests */ = {
			isa = PBXGroup;
			children = (
				4093C2CD23B63C6100A98A35 /* ZappCoreTests.swift */,
				4093C2CF23B63C6100A98A35 /* Info.plist */,
			);
			path = ZappCoreTests;
			sourceTree = "<group>";
		};
		4093C35A23B6479700A98A35 /* Universal */ = {
			isa = PBXGroup;
			children = (
				4093C35B23B6479700A98A35 /* PluginModel */,
				4093C35E23B6479700A98A35 /* PipesDataModelHelper */,
				4093C36423B6479700A98A35 /* Plugins */,
				4093C37723B6479700A98A35 /* FacadeConnector */,
				4093C37223B6479700A98A35 /* UserInterfaceLayer */,
			);
			name = Universal;
			path = ../Files/Universal;
			sourceTree = "<group>";
		};
		4093C35B23B6479700A98A35 /* PluginModel */ = {
			isa = PBXGroup;
			children = (
				4093C35C23B6479700A98A35 /* ZPPluginModel.swift */,
				4093C35D23B6479700A98A35 /* ZPAdapterProtocol.swift */,
			);
			path = PluginModel;
			sourceTree = "<group>";
		};
		4093C35E23B6479700A98A35 /* PipesDataModelHelper */ = {
			isa = PBXGroup;
			children = (
				4093C35F23B6479700A98A35 /* PipesDataModelHelperMediaItem.swift */,
				4093C36023B6479700A98A35 /* PipesDataModelHelperExtensions.swift */,
				4093C36123B6479700A98A35 /* PipesDataModelHelper.swift */,
				4093C36223B6479700A98A35 /* PipesDataModelHelperContent.swift */,
				4093C36323B6479700A98A35 /* PipesDataModelHelperMediaGroups.swift */,
			);
			path = PipesDataModelHelper;
			sourceTree = "<group>";
		};
		4093C36423B6479700A98A35 /* Plugins */ = {
			isa = PBXGroup;
			children = (
				4093C36523B6479700A98A35 /* Crashlogs */,
				4093C36723B6479700A98A35 /* PlayerDependantsPlugins */,
				4093C36C23B6479700A98A35 /* Analytics */,
				4093C36F23B6479700A98A35 /* Player */,
			);
			path = Plugins;
			sourceTree = "<group>";
		};
		4093C36523B6479700A98A35 /* Crashlogs */ = {
			isa = PBXGroup;
			children = (
				4093C36623B6479700A98A35 /* CrashlogPluginProtocol.swift */,
			);
			path = Crashlogs;
			sourceTree = "<group>";
		};
		4093C36723B6479700A98A35 /* PlayerDependantsPlugins */ = {
			isa = PBXGroup;
			children = (
				4093C36823B6479700A98A35 /* Protocols */,
			);
			path = PlayerDependantsPlugins;
			sourceTree = "<group>";
		};
		4093C36823B6479700A98A35 /* Protocols */ = {
			isa = PBXGroup;
			children = (
				4093C36923B6479700A98A35 /* PlayerDependantPluginProtocol.swift */,
				4093C36A23B6479700A98A35 /* DependablePlayerPluginProtocol.swift */,
				4093C36B23B6479700A98A35 /* DependablePlayerAdDelegatePluginProtocol.swift */,
			);
			path = Protocols;
			sourceTree = "<group>";
		};
		4093C36C23B6479700A98A35 /* Analytics */ = {
			isa = PBXGroup;
			children = (
				4093C36D23B6479700A98A35 /* Protocols */,
			);
			path = Analytics;
			sourceTree = "<group>";
		};
		4093C36D23B6479700A98A35 /* Protocols */ = {
			isa = PBXGroup;
			children = (
				4093C36E23B6479700A98A35 /* AnalyticsProviderProtocol.swift */,
				4093C39723B65EF100A98A35 /* APTimedEvent.swift */,
			);
			path = Protocols;
			sourceTree = "<group>";
		};
		4093C36F23B6479700A98A35 /* Player */ = {
			isa = PBXGroup;
			children = (
				4093C37023B6479700A98A35 /* PlayerProtocol.swift */,
				4093C37123B6479700A98A35 /* PlayerObserverProtocol.swift */,
			);
			path = Player;
			sourceTree = "<group>";
		};
		4093C37223B6479700A98A35 /* UserInterfaceLayer */ = {
			isa = PBXGroup;
			children = (
				4093C37323B6479700A98A35 /* UserInterfaceLayerProtocol */,
				4093C37523B6479700A98A35 /* UserInterfaceLayerApplicationDelegate */,
			);
			path = UserInterfaceLayer;
			sourceTree = "<group>";
		};
		4093C37323B6479700A98A35 /* UserInterfaceLayerProtocol */ = {
			isa = PBXGroup;
			children = (
				4093C37423B6479700A98A35 /* UserInterfaceLayerProtocol.swift */,
			);
			path = UserInterfaceLayerProtocol;
			sourceTree = "<group>";
		};
		4093C37523B6479700A98A35 /* UserInterfaceLayerApplicationDelegate */ = {
			isa = PBXGroup;
			children = (
				4093C37623B6479700A98A35 /* UserInterfaceLayerApplicationDelegate.swift */,
			);
			path = UserInterfaceLayerApplicationDelegate;
			sourceTree = "<group>";
		};
		4093C37723B6479700A98A35 /* FacadeConnector */ = {
			isa = PBXGroup;
			children = (
				4093C37823B6479700A98A35 /* FacadeConnectorProtocol.swift */,
				4093C37923B6479700A98A35 /* FacadeConnector.swift */,
				4093C37A23B6479700A98A35 /* Protocols */,
			);
			path = FacadeConnector;
			sourceTree = "<group>";
		};
		4093C37A23B6479700A98A35 /* Protocols */ = {
			isa = PBXGroup;
			children = (
				4093C37B23B6479700A98A35 /* FacadeConnectorAppDataProtocol.swift */,
				4093C37C23B6479700A98A35 /* FacadeConnectorPlayerDependantProtocol.swift */,
				4093C37D23B6479700A98A35 /* FacadeConnectorAnalyticsProtocol.swift */,
				4093C37E23B6479700A98A35 /* FacadeConnectorPluginManagerProtocol.swift */,
				4093C37F23B6479700A98A35 /* FacadeConnectorStorageProtocol.swift */,
			);
			path = Protocols;
			sourceTree = "<group>";
		};
/* End PBXGroup section */

/* Begin PBXHeadersBuildPhase section */
		4093C2BA23B63C6100A98A35 /* Headers */ = {
			isa = PBXHeadersBuildPhase;
			buildActionMask = 2147483647;
			files = (
				4093C2D023B63C6100A98A35 /* ZappCore.h in Headers */,
			);
			runOnlyForDeploymentPostprocessing = 0;
		};
/* End PBXHeadersBuildPhase section */

/* Begin PBXNativeTarget section */
		4093C2BE23B63C6100A98A35 /* ZappCore */ = {
			isa = PBXNativeTarget;
			buildConfigurationList = 4093C2D323B63C6100A98A35 /* Build configuration list for PBXNativeTarget "ZappCore" */;
			buildPhases = (
				4093C2BA23B63C6100A98A35 /* Headers */,
				4093C2BB23B63C6100A98A35 /* Sources */,
				4093C2BC23B63C6100A98A35 /* Frameworks */,
				4093C2BD23B63C6100A98A35 /* Resources */,
			);
			buildRules = (
			);
			dependencies = (
			);
			name = ZappCore;
			productName = ZappCore;
			productReference = 4093C2BF23B63C6100A98A35 /* ZappCore.framework */;
			productType = "com.apple.product-type.framework";
		};
		4093C2C723B63C6100A98A35 /* ZappCoreTests */ = {
			isa = PBXNativeTarget;
			buildConfigurationList = 4093C2D623B63C6100A98A35 /* Build configuration list for PBXNativeTarget "ZappCoreTests" */;
			buildPhases = (
				4093C2C423B63C6100A98A35 /* Sources */,
				4093C2C523B63C6100A98A35 /* Frameworks */,
				4093C2C623B63C6100A98A35 /* Resources */,
			);
			buildRules = (
			);
			dependencies = (
				4093C2CB23B63C6100A98A35 /* PBXTargetDependency */,
			);
			name = ZappCoreTests;
			productName = ZappCoreTests;
			productReference = 4093C2C823B63C6100A98A35 /* ZappCoreTests.xctest */;
			productType = "com.apple.product-type.bundle.unit-test";
		};
/* End PBXNativeTarget section */

/* Begin PBXProject section */
		4093C2B623B63C6100A98A35 /* Project object */ = {
			isa = PBXProject;
			attributes = {
				LastSwiftUpdateCheck = 1130;
				LastUpgradeCheck = 1130;
				ORGANIZATIONNAME = "Anton Kononenko";
				TargetAttributes = {
					4093C2BE23B63C6100A98A35 = {
						CreatedOnToolsVersion = 11.3;
					};
					4093C2C723B63C6100A98A35 = {
						CreatedOnToolsVersion = 11.3;
					};
				};
			};
			buildConfigurationList = 4093C2B923B63C6100A98A35 /* Build configuration list for PBXProject "ZappCore" */;
			compatibilityVersion = "Xcode 9.3";
			developmentRegion = en;
			hasScannedForEncodings = 0;
			knownRegions = (
				en,
				Base,
			);
			mainGroup = 4093C2B523B63C6100A98A35;
			productRefGroup = 4093C2C023B63C6100A98A35 /* Products */;
			projectDirPath = "";
			projectRoot = "";
			targets = (
				4093C2BE23B63C6100A98A35 /* ZappCore */,
				4093C2C723B63C6100A98A35 /* ZappCoreTests */,
			);
		};
/* End PBXProject section */

/* Begin PBXResourcesBuildPhase section */
		4093C2BD23B63C6100A98A35 /* Resources */ = {
			isa = PBXResourcesBuildPhase;
			buildActionMask = 2147483647;
			files = (
			);
			runOnlyForDeploymentPostprocessing = 0;
		};
		4093C2C623B63C6100A98A35 /* Resources */ = {
			isa = PBXResourcesBuildPhase;
			buildActionMask = 2147483647;
			files = (
			);
			runOnlyForDeploymentPostprocessing = 0;
		};
/* End PBXResourcesBuildPhase section */

/* Begin PBXSourcesBuildPhase section */
		4093C2BB23B63C6100A98A35 /* Sources */ = {
			isa = PBXSourcesBuildPhase;
			buildActionMask = 2147483647;
			files = (
				4093C39323B6479700A98A35 /* FacadeConnectorPlayerDependantProtocol.swift in Sources */,
				4093C38D23B6479700A98A35 /* PlayerObserverProtocol.swift in Sources */,
				4093C38223B6479700A98A35 /* PipesDataModelHelperMediaItem.swift in Sources */,
				4093C39223B6479700A98A35 /* FacadeConnectorAppDataProtocol.swift in Sources */,
				4093C38F23B6479700A98A35 /* UserInterfaceLayerApplicationDelegate.swift in Sources */,
				4093C38023B6479700A98A35 /* ZPPluginModel.swift in Sources */,
				4093C38623B6479700A98A35 /* PipesDataModelHelperMediaGroups.swift in Sources */,
				4093C39123B6479700A98A35 /* FacadeConnector.swift in Sources */,
				4093C38B23B6479700A98A35 /* AnalyticsProviderProtocol.swift in Sources */,
				4093C38723B6479700A98A35 /* CrashlogPluginProtocol.swift in Sources */,
				4093C39523B6479700A98A35 /* FacadeConnectorPluginManagerProtocol.swift in Sources */,
				4093C38823B6479700A98A35 /* PlayerDependantPluginProtocol.swift in Sources */,
				4093C38A23B6479700A98A35 /* DependablePlayerAdDelegatePluginProtocol.swift in Sources */,
				4093C39023B6479700A98A35 /* FacadeConnectorProtocol.swift in Sources */,
				4093C38923B6479700A98A35 /* DependablePlayerPluginProtocol.swift in Sources */,
				4093C39423B6479700A98A35 /* FacadeConnectorAnalyticsProtocol.swift in Sources */,
				4093C39623B6479700A98A35 /* FacadeConnectorStorageProtocol.swift in Sources */,
				4093C38123B6479700A98A35 /* ZPAdapterProtocol.swift in Sources */,
				4093C38C23B6479700A98A35 /* PlayerProtocol.swift in Sources */,
				4093C39823B65EF100A98A35 /* APTimedEvent.swift in Sources */,
				4093C38E23B6479700A98A35 /* UserInterfaceLayerProtocol.swift in Sources */,
				4093C38323B6479700A98A35 /* PipesDataModelHelperExtensions.swift in Sources */,
				4093C38423B6479700A98A35 /* PipesDataModelHelper.swift in Sources */,
				4093C38523B6479700A98A35 /* PipesDataModelHelperContent.swift in Sources */,
			);
			runOnlyForDeploymentPostprocessing = 0;
		};
		4093C2C423B63C6100A98A35 /* Sources */ = {
			isa = PBXSourcesBuildPhase;
			buildActionMask = 2147483647;
			files = (
				4093C2CE23B63C6100A98A35 /* ZappCoreTests.swift in Sources */,
			);
			runOnlyForDeploymentPostprocessing = 0;
		};
/* End PBXSourcesBuildPhase section */

/* Begin PBXTargetDependency section */
		4093C2CB23B63C6100A98A35 /* PBXTargetDependency */ = {
			isa = PBXTargetDependency;
			target = 4093C2BE23B63C6100A98A35 /* ZappCore */;
			targetProxy = 4093C2CA23B63C6100A98A35 /* PBXContainerItemProxy */;
		};
/* End PBXTargetDependency section */

/* Begin XCBuildConfiguration section */
		4093C2D123B63C6100A98A35 /* Debug */ = {
			isa = XCBuildConfiguration;
			buildSettings = {
				ALWAYS_SEARCH_USER_PATHS = NO;
				CLANG_ANALYZER_NONNULL = YES;
				CLANG_ANALYZER_NUMBER_OBJECT_CONVERSION = YES_AGGRESSIVE;
				CLANG_CXX_LANGUAGE_STANDARD = "gnu++14";
				CLANG_CXX_LIBRARY = "libc++";
				CLANG_ENABLE_MODULES = YES;
				CLANG_ENABLE_OBJC_ARC = YES;
				CLANG_ENABLE_OBJC_WEAK = YES;
				CLANG_WARN_BLOCK_CAPTURE_AUTORELEASING = YES;
				CLANG_WARN_BOOL_CONVERSION = YES;
				CLANG_WARN_COMMA = YES;
				CLANG_WARN_CONSTANT_CONVERSION = YES;
				CLANG_WARN_DEPRECATED_OBJC_IMPLEMENTATIONS = YES;
				CLANG_WARN_DIRECT_OBJC_ISA_USAGE = YES_ERROR;
				CLANG_WARN_DOCUMENTATION_COMMENTS = YES;
				CLANG_WARN_EMPTY_BODY = YES;
				CLANG_WARN_ENUM_CONVERSION = YES;
				CLANG_WARN_INFINITE_RECURSION = YES;
				CLANG_WARN_INT_CONVERSION = YES;
				CLANG_WARN_NON_LITERAL_NULL_CONVERSION = YES;
				CLANG_WARN_OBJC_IMPLICIT_RETAIN_SELF = YES;
				CLANG_WARN_OBJC_LITERAL_CONVERSION = YES;
				CLANG_WARN_OBJC_ROOT_CLASS = YES_ERROR;
				CLANG_WARN_RANGE_LOOP_ANALYSIS = YES;
				CLANG_WARN_STRICT_PROTOTYPES = YES;
				CLANG_WARN_SUSPICIOUS_MOVE = YES;
				CLANG_WARN_UNGUARDED_AVAILABILITY = YES_AGGRESSIVE;
				CLANG_WARN_UNREACHABLE_CODE = YES;
				CLANG_WARN__DUPLICATE_METHOD_MATCH = YES;
				COPY_PHASE_STRIP = NO;
				CURRENT_PROJECT_VERSION = 1;
				DEBUG_INFORMATION_FORMAT = dwarf;
				ENABLE_STRICT_OBJC_MSGSEND = YES;
				ENABLE_TESTABILITY = YES;
				GCC_C_LANGUAGE_STANDARD = gnu11;
				GCC_DYNAMIC_NO_PIC = NO;
				GCC_NO_COMMON_BLOCKS = YES;
				GCC_OPTIMIZATION_LEVEL = 0;
				GCC_PREPROCESSOR_DEFINITIONS = (
					"DEBUG=1",
					"$(inherited)",
				);
				GCC_WARN_64_TO_32_BIT_CONVERSION = YES;
				GCC_WARN_ABOUT_RETURN_TYPE = YES_ERROR;
				GCC_WARN_UNDECLARED_SELECTOR = YES;
				GCC_WARN_UNINITIALIZED_AUTOS = YES_AGGRESSIVE;
				GCC_WARN_UNUSED_FUNCTION = YES;
				GCC_WARN_UNUSED_VARIABLE = YES;
				IPHONEOS_DEPLOYMENT_TARGET = 13.2;
				MTL_ENABLE_DEBUG_INFO = INCLUDE_SOURCE;
				MTL_FAST_MATH = YES;
				ONLY_ACTIVE_ARCH = YES;
				SDKROOT = iphoneos;
				SWIFT_ACTIVE_COMPILATION_CONDITIONS = DEBUG;
				SWIFT_OPTIMIZATION_LEVEL = "-Onone";
				VERSIONING_SYSTEM = "apple-generic";
				VERSION_INFO_PREFIX = "";
			};
			name = Debug;
		};
		4093C2D223B63C6100A98A35 /* Release */ = {
			isa = XCBuildConfiguration;
			buildSettings = {
				ALWAYS_SEARCH_USER_PATHS = NO;
				CLANG_ANALYZER_NONNULL = YES;
				CLANG_ANALYZER_NUMBER_OBJECT_CONVERSION = YES_AGGRESSIVE;
				CLANG_CXX_LANGUAGE_STANDARD = "gnu++14";
				CLANG_CXX_LIBRARY = "libc++";
				CLANG_ENABLE_MODULES = YES;
				CLANG_ENABLE_OBJC_ARC = YES;
				CLANG_ENABLE_OBJC_WEAK = YES;
				CLANG_WARN_BLOCK_CAPTURE_AUTORELEASING = YES;
				CLANG_WARN_BOOL_CONVERSION = YES;
				CLANG_WARN_COMMA = YES;
				CLANG_WARN_CONSTANT_CONVERSION = YES;
				CLANG_WARN_DEPRECATED_OBJC_IMPLEMENTATIONS = YES;
				CLANG_WARN_DIRECT_OBJC_ISA_USAGE = YES_ERROR;
				CLANG_WARN_DOCUMENTATION_COMMENTS = YES;
				CLANG_WARN_EMPTY_BODY = YES;
				CLANG_WARN_ENUM_CONVERSION = YES;
				CLANG_WARN_INFINITE_RECURSION = YES;
				CLANG_WARN_INT_CONVERSION = YES;
				CLANG_WARN_NON_LITERAL_NULL_CONVERSION = YES;
				CLANG_WARN_OBJC_IMPLICIT_RETAIN_SELF = YES;
				CLANG_WARN_OBJC_LITERAL_CONVERSION = YES;
				CLANG_WARN_OBJC_ROOT_CLASS = YES_ERROR;
				CLANG_WARN_RANGE_LOOP_ANALYSIS = YES;
				CLANG_WARN_STRICT_PROTOTYPES = YES;
				CLANG_WARN_SUSPICIOUS_MOVE = YES;
				CLANG_WARN_UNGUARDED_AVAILABILITY = YES_AGGRESSIVE;
				CLANG_WARN_UNREACHABLE_CODE = YES;
				CLANG_WARN__DUPLICATE_METHOD_MATCH = YES;
				COPY_PHASE_STRIP = NO;
				CURRENT_PROJECT_VERSION = 1;
				DEBUG_INFORMATION_FORMAT = "dwarf-with-dsym";
				ENABLE_NS_ASSERTIONS = NO;
				ENABLE_STRICT_OBJC_MSGSEND = YES;
				GCC_C_LANGUAGE_STANDARD = gnu11;
				GCC_NO_COMMON_BLOCKS = YES;
				GCC_WARN_64_TO_32_BIT_CONVERSION = YES;
				GCC_WARN_ABOUT_RETURN_TYPE = YES_ERROR;
				GCC_WARN_UNDECLARED_SELECTOR = YES;
				GCC_WARN_UNINITIALIZED_AUTOS = YES_AGGRESSIVE;
				GCC_WARN_UNUSED_FUNCTION = YES;
				GCC_WARN_UNUSED_VARIABLE = YES;
				IPHONEOS_DEPLOYMENT_TARGET = 13.2;
				MTL_ENABLE_DEBUG_INFO = NO;
				MTL_FAST_MATH = YES;
				SDKROOT = iphoneos;
				SWIFT_COMPILATION_MODE = wholemodule;
				SWIFT_OPTIMIZATION_LEVEL = "-O";
				VALIDATE_PRODUCT = YES;
				VERSIONING_SYSTEM = "apple-generic";
				VERSION_INFO_PREFIX = "";
			};
			name = Release;
		};
		4093C2D423B63C6100A98A35 /* Debug */ = {
			isa = XCBuildConfiguration;
			buildSettings = {
				CODE_SIGN_STYLE = Automatic;
				DEFINES_MODULE = YES;
				DYLIB_COMPATIBILITY_VERSION = 1;
				DYLIB_CURRENT_VERSION = 1;
				DYLIB_INSTALL_NAME_BASE = "@rpath";
				INFOPLIST_FILE = ZappCore/Info.plist;
				INSTALL_PATH = "$(LOCAL_LIBRARY_DIR)/Frameworks";
				LD_RUNPATH_SEARCH_PATHS = (
					"$(inherited)",
					"@executable_path/Frameworks",
					"@loader_path/Frameworks",
				);
				PRODUCT_BUNDLE_IDENTIFIER = zappcore.applicaster.com.ZappCore;
				PRODUCT_NAME = "$(TARGET_NAME:c99extidentifier)";
				SKIP_INSTALL = YES;
				SWIFT_VERSION = 5.0;
				TARGETED_DEVICE_FAMILY = "1,2";
			};
			name = Debug;
		};
		4093C2D523B63C6100A98A35 /* Release */ = {
			isa = XCBuildConfiguration;
			buildSettings = {
				CODE_SIGN_STYLE = Automatic;
				DEFINES_MODULE = YES;
				DYLIB_COMPATIBILITY_VERSION = 1;
				DYLIB_CURRENT_VERSION = 1;
				DYLIB_INSTALL_NAME_BASE = "@rpath";
				INFOPLIST_FILE = ZappCore/Info.plist;
				INSTALL_PATH = "$(LOCAL_LIBRARY_DIR)/Frameworks";
				LD_RUNPATH_SEARCH_PATHS = (
					"$(inherited)",
					"@executable_path/Frameworks",
					"@loader_path/Frameworks",
				);
				PRODUCT_BUNDLE_IDENTIFIER = zappcore.applicaster.com.ZappCore;
				PRODUCT_NAME = "$(TARGET_NAME:c99extidentifier)";
				SKIP_INSTALL = YES;
				SWIFT_VERSION = 5.0;
				TARGETED_DEVICE_FAMILY = "1,2";
			};
			name = Release;
		};
		4093C2D723B63C6100A98A35 /* Debug */ = {
			isa = XCBuildConfiguration;
			buildSettings = {
				ALWAYS_EMBED_SWIFT_STANDARD_LIBRARIES = YES;
				CODE_SIGN_STYLE = Automatic;
				INFOPLIST_FILE = ZappCoreTests/Info.plist;
				LD_RUNPATH_SEARCH_PATHS = (
					"$(inherited)",
					"@executable_path/Frameworks",
					"@loader_path/Frameworks",
				);
				PRODUCT_BUNDLE_IDENTIFIER = zappcore.applicaster.com.ZappCoreTests;
				PRODUCT_NAME = "$(TARGET_NAME)";
				SWIFT_VERSION = 5.0;
				TARGETED_DEVICE_FAMILY = "1,2";
			};
			name = Debug;
		};
		4093C2D823B63C6100A98A35 /* Release */ = {
			isa = XCBuildConfiguration;
			buildSettings = {
				ALWAYS_EMBED_SWIFT_STANDARD_LIBRARIES = YES;
				CODE_SIGN_STYLE = Automatic;
				INFOPLIST_FILE = ZappCoreTests/Info.plist;
				LD_RUNPATH_SEARCH_PATHS = (
					"$(inherited)",
					"@executable_path/Frameworks",
					"@loader_path/Frameworks",
				);
				PRODUCT_BUNDLE_IDENTIFIER = zappcore.applicaster.com.ZappCoreTests;
				PRODUCT_NAME = "$(TARGET_NAME)";
				SWIFT_VERSION = 5.0;
				TARGETED_DEVICE_FAMILY = "1,2";
			};
			name = Release;
		};
/* End XCBuildConfiguration section */

/* Begin XCConfigurationList section */
		4093C2B923B63C6100A98A35 /* Build configuration list for PBXProject "ZappCore" */ = {
			isa = XCConfigurationList;
			buildConfigurations = (
				4093C2D123B63C6100A98A35 /* Debug */,
				4093C2D223B63C6100A98A35 /* Release */,
			);
			defaultConfigurationIsVisible = 0;
			defaultConfigurationName = Release;
		};
		4093C2D323B63C6100A98A35 /* Build configuration list for PBXNativeTarget "ZappCore" */ = {
			isa = XCConfigurationList;
			buildConfigurations = (
				4093C2D423B63C6100A98A35 /* Debug */,
				4093C2D523B63C6100A98A35 /* Release */,
			);
			defaultConfigurationIsVisible = 0;
			defaultConfigurationName = Release;
		};
		4093C2D623B63C6100A98A35 /* Build configuration list for PBXNativeTarget "ZappCoreTests" */ = {
			isa = XCConfigurationList;
			buildConfigurations = (
				4093C2D723B63C6100A98A35 /* Debug */,
				4093C2D823B63C6100A98A35 /* Release */,
			);
			defaultConfigurationIsVisible = 0;
			defaultConfigurationName = Release;
		};
/* End XCConfigurationList section */
	};
	rootObject = 4093C2B623B63C6100A98A35 /* Project object */;
}
