PODS:
  - AppCenter/Core (2.5.3)
  - AppCenter/Crashes (2.5.3):
    - AppCenter/Core
  - Firebase/Analytics (6.14.0):
    - Firebase/Core
  - Firebase/Core (6.14.0):
    - Firebase/CoreOnly
    - FirebaseAnalytics (= 6.1.7)
  - Firebase/CoreOnly (6.14.0):
    - FirebaseCore (= 6.5.0)
  - FirebaseAnalytics (6.1.7):
    - FirebaseCore (~> 6.5)
    - FirebaseInstanceID (~> 4.2)
    - GoogleAppMeasurement (= 6.1.7)
    - GoogleUtilities/AppDelegateSwizzler (~> 6.0)
    - GoogleUtilities/MethodSwizzler (~> 6.0)
    - GoogleUtilities/Network (~> 6.0)
    - "GoogleUtilities/NSData+zlib (~> 6.0)"
    - nanopb (= 0.3.9011)
  - FirebaseCore (6.5.0):
    - FirebaseCoreDiagnostics (~> 1.0)
    - FirebaseCoreDiagnosticsInterop (~> 1.0)
    - GoogleUtilities/Environment (~> 6.4)
    - GoogleUtilities/Logger (~> 6.4)
  - FirebaseCoreDiagnostics (1.1.2):
    - FirebaseCoreDiagnosticsInterop (~> 1.0)
    - GoogleDataTransportCCTSupport (~> 1.0)
    - GoogleUtilities/Environment (~> 6.2)
    - GoogleUtilities/Logger (~> 6.2)
    - nanopb (~> 0.3.901)
  - FirebaseCoreDiagnosticsInterop (1.1.0)
  - FirebaseInstanceID (4.2.8):
    - FirebaseCore (~> 6.5)
    - GoogleUtilities/Environment (~> 6.4)
    - GoogleUtilities/UserDefaults (~> 6.4)
  - GoogleAds-IMA-iOS-SDK (3.11.1)
  - GoogleAppMeasurement (6.1.7):
    - GoogleUtilities/AppDelegateSwizzler (~> 6.0)
    - GoogleUtilities/MethodSwizzler (~> 6.0)
    - GoogleUtilities/Network (~> 6.0)
    - "GoogleUtilities/NSData+zlib (~> 6.0)"
    - nanopb (= 0.3.9011)
  - GoogleDataTransport (3.2.0)
  - GoogleDataTransportCCTSupport (1.2.3):
    - GoogleDataTransport (~> 3.2)
    - nanopb (~> 0.3.901)
  - GoogleUtilities/AppDelegateSwizzler (6.4.0):
    - GoogleUtilities/Environment
    - GoogleUtilities/Logger
    - GoogleUtilities/Network
  - GoogleUtilities/Environment (6.4.0)
  - GoogleUtilities/Logger (6.4.0):
    - GoogleUtilities/Environment
  - GoogleUtilities/MethodSwizzler (6.4.0):
    - GoogleUtilities/Logger
  - GoogleUtilities/Network (6.4.0):
    - GoogleUtilities/Logger
    - "GoogleUtilities/NSData+zlib"
    - GoogleUtilities/Reachability
  - "GoogleUtilities/NSData+zlib (6.4.0)"
  - GoogleUtilities/Reachability (6.4.0):
    - GoogleUtilities/Logger
  - GoogleUtilities/UserDefaults (6.4.0):
    - GoogleUtilities/Logger
  - nanopb (0.3.9011):
    - nanopb/decode (= 0.3.9011)
    - nanopb/encode (= 0.3.9011)
  - nanopb/decode (0.3.9011)
  - nanopb/encode (0.3.9011)
  - ZappCore (0.6.0)
  - ZappCrashlogsMsAppCenter (4.1.0):
    - AppCenter/Crashes (~> 2.5.3)
    - ZappCore
  - ZappFirebaseAnalytics (0.2.0):
    - Firebase/Analytics (= 6.14.0)
    - ZappCore
  - ZappGoogleAnalytics (0.4.0):
    - ZappCore
  - ZappGoogleInteractiveMediaAds (0.4.0):
    - GoogleAds-IMA-iOS-SDK (= 3.11.1)
    - ZappCore

DEPENDENCIES:
  - ZappCore (from `../ZappCore.podspec`)
  - ZappCrashlogsMsAppCenter (from `../ZappCrashlogsMsAppCenter.podspec`)
  - ZappFirebaseAnalytics (from `../ZappFirebaseAnalytics.podspec`)
  - ZappGoogleAnalytics (from `../ZappGoogleAnalytics.podspec`)
  - ZappGoogleInteractiveMediaAds (from `../ZappGoogleInteractiveMediaAds.podspec`)

SPEC REPOS:
  trunk:
    - AppCenter
    - Firebase
    - FirebaseAnalytics
    - FirebaseCore
    - FirebaseCoreDiagnostics
    - FirebaseCoreDiagnosticsInterop
    - FirebaseInstanceID
    - GoogleAds-IMA-iOS-SDK
    - GoogleAppMeasurement
    - GoogleDataTransport
    - GoogleDataTransportCCTSupport
    - GoogleUtilities
    - nanopb

EXTERNAL SOURCES:
  ZappCore:
    :path: "../ZappCore.podspec"
  ZappCrashlogsMsAppCenter:
    :path: "../ZappCrashlogsMsAppCenter.podspec"
  ZappFirebaseAnalytics:
    :path: "../ZappFirebaseAnalytics.podspec"
  ZappGoogleAnalytics:
    :path: "../ZappGoogleAnalytics.podspec"
  ZappGoogleInteractiveMediaAds:
    :path: "../ZappGoogleInteractiveMediaAds.podspec"

SPEC CHECKSUMS:
  AppCenter: 765ff38c4d360fc5ec61b61a8be24d74cd6d4d83
  Firebase: 0219bb4782eb1406f1b9b0628a2e625484ce910d
  FirebaseAnalytics: f68b9f3f1241385129ae0a83b63627fc420c05e5
  FirebaseCore: 632e05cc5e1199d9147122c16d92305eb04c34bd
  FirebaseCoreDiagnostics: 511f4f3ed7d440bb69127e8b97c2bc8befae639e
  FirebaseCoreDiagnosticsInterop: e9b1b023157e3a2fc6418b5cb601e79b9af7b3a0
  FirebaseInstanceID: ce993a3c3670a8f5d47ce371ac5d143c560608c5
  GoogleAds-IMA-iOS-SDK: 5bc743cca6f70bb403f34a6a336a2dbe70e12e1e
  GoogleAppMeasurement: db118eb61a97dd8c4f7014e368d3c335cbbcf80a
  GoogleDataTransport: 8e9b210c97d55fbff306cc5468ff91b9cb32dcf5
  GoogleDataTransportCCTSupport: 202d7cdf9c4a7d81a2bb7f7e7e1ba6faa421b1f2
  GoogleUtilities: 29bd0d8f850efbd28cff6d99e8b7da1f8d236bcf
  nanopb: 18003b5e52dab79db540fe93fe9579f399bd1ccd
  ZappCore: eb60883addb73883a184eb646914e03911293048
  ZappCrashlogsMsAppCenter: 73b52bfd4dd99132c83ad7ed34fbb56e6019cba7
  ZappFirebaseAnalytics: 899471ff8cb55a44b45cf2355dccf07de5efa2d3
  ZappGoogleAnalytics: e20dcea17a8813ab14c1097a470016b86939dc48
  ZappGoogleInteractiveMediaAds: 031ea231f2d5855be2683c870c3b3c2c67e5a1c7

PODFILE CHECKSUM: 48396d9233d143f503e685d3e359ea84b326467f

COCOAPODS: 1.8.3
