// !$*UTF8*$!
{
	archiveVersion = 1;
	classes = {
	};
	objectVersion = 51;
	objects = {

/* Begin PBXBuildFile section */
		4078520023C64BF2006E4EAC /* ZappApple.framework in Frameworks */ = {isa = PBXBuildFile; fileRef = 407851F623C64BF2006E4EAC /* ZappApple.framework */; };
		4078520523C64BF2006E4EAC /* ZappAppleTests.swift in Sources */ = {isa = PBXBuildFile; fileRef = 4078520423C64BF2006E4EAC /* ZappAppleTests.swift */; };
		4078520723C64BF2006E4EAC /* ZappApple.h in Headers */ = {isa = PBXBuildFile; fileRef = 407851F923C64BF2006E4EAC /* ZappApple.h */; settings = {ATTRIBUTES = (Public, ); }; };
		4078527623C64C51006E4EAC /* MsAppCenterDistributionHandler.swift in Sources */ = {isa = PBXBuildFile; fileRef = 4078521323C64C51006E4EAC /* MsAppCenterDistributionHandler.swift */; };
		4078527723C64C51006E4EAC /* PlayerDependantPluginsManager+PlayerObserverProtocol.swift in Sources */ = {isa = PBXBuildFile; fileRef = 4078521723C64C51006E4EAC /* PlayerDependantPluginsManager+PlayerObserverProtocol.swift */; };
		4078527823C64C51006E4EAC /* PlayerDependantPluginsManager.swift in Sources */ = {isa = PBXBuildFile; fileRef = 4078521823C64C51006E4EAC /* PlayerDependantPluginsManager.swift */; };
		4078527923C64C51006E4EAC /* PluginsManager+Utils.swift in Sources */ = {isa = PBXBuildFile; fileRef = 4078521A23C64C51006E4EAC /* PluginsManager+Utils.swift */; };
		4078527A23C64C51006E4EAC /* PluginManager+LoadingStateMachineDataSource.swift in Sources */ = {isa = PBXBuildFile; fileRef = 4078521B23C64C51006E4EAC /* PluginManager+LoadingStateMachineDataSource.swift */; };
		4078527B23C64C51006E4EAC /* PluginsManager.swift in Sources */ = {isa = PBXBuildFile; fileRef = 4078521C23C64C51006E4EAC /* PluginsManager.swift */; };
		4078527C23C64C51006E4EAC /* AnalyticsManager.swift in Sources */ = {isa = PBXBuildFile; fileRef = 4078521E23C64C51006E4EAC /* AnalyticsManager.swift */; };
		4078527D23C64C51006E4EAC /* CrashlogsPluginsManager.swift in Sources */ = {isa = PBXBuildFile; fileRef = 4078522023C64C51006E4EAC /* CrashlogsPluginsManager.swift */; };
		4078527E23C64C51006E4EAC /* AppDelegateProtocol.swift in Sources */ = {isa = PBXBuildFile; fileRef = 4078522323C64C51006E4EAC /* AppDelegateProtocol.swift */; };
		4078527F23C64C51006E4EAC /* SplashViewController.swift in Sources */ = {isa = PBXBuildFile; fileRef = 4078522523C64C51006E4EAC /* SplashViewController.swift */; };
		4078528023C64C51006E4EAC /* RootViewController+AppLoadingStateMachineDataSource.swift in Sources */ = {isa = PBXBuildFile; fileRef = 4078522723C64C51006E4EAC /* RootViewController+AppLoadingStateMachineDataSource.swift */; };
		4078528123C64C51006E4EAC /* RootViewController.swift in Sources */ = {isa = PBXBuildFile; fileRef = 4078522823C64C51006E4EAC /* RootViewController.swift */; };
		4078528223C64C51006E4EAC /* RootViewController+FacadeConnectorAnalyticsProtocol.swift in Sources */ = {isa = PBXBuildFile; fileRef = 4078522A23C64C51006E4EAC /* RootViewController+FacadeConnectorAnalyticsProtocol.swift */; };
		4078528323C64C51006E4EAC /* RootViewController+FacadeConnectorPlayerDependantProtocol.swift in Sources */ = {isa = PBXBuildFile; fileRef = 4078522B23C64C51006E4EAC /* RootViewController+FacadeConnectorPlayerDependantProtocol.swift */; };
		4078528423C64C51006E4EAC /* RootViewController+FacadeConnectorAppDataProtocol.swift in Sources */ = {isa = PBXBuildFile; fileRef = 4078522C23C64C51006E4EAC /* RootViewController+FacadeConnectorAppDataProtocol.swift */; };
		4078528523C64C51006E4EAC /* RootViewController+FacadeConnectorStorageProtocol.swift in Sources */ = {isa = PBXBuildFile; fileRef = 4078522D23C64C51006E4EAC /* RootViewController+FacadeConnectorStorageProtocol.swift */; };
		4078528623C64C51006E4EAC /* RootViewController+FacadeConnectorPluginManagerProtocol.swift in Sources */ = {isa = PBXBuildFile; fileRef = 4078522E23C64C51006E4EAC /* RootViewController+FacadeConnectorPluginManagerProtocol.swift */; };
		4078528723C64C51006E4EAC /* RootViewController+ReachabilityManagerDelegate.swift in Sources */ = {isa = PBXBuildFile; fileRef = 4078522F23C64C51006E4EAC /* RootViewController+ReachabilityManagerDelegate.swift */; };
		4078528823C64C51006E4EAC /* SessionStorage.swift in Sources */ = {isa = PBXBuildFile; fileRef = 4078523323C64C51006E4EAC /* SessionStorage.swift */; };
		4078528923C64C51006E4EAC /* StorageInitialization.swift in Sources */ = {isa = PBXBuildFile; fileRef = 4078523423C64C51006E4EAC /* StorageInitialization.swift */; };
		4078528A23C64C51006E4EAC /* LocalStorage.swift in Sources */ = {isa = PBXBuildFile; fileRef = 4078523623C64C51006E4EAC /* LocalStorage.swift */; };
		4078528B23C64C51006E4EAC /* ZappStorageProtocol.swift in Sources */ = {isa = PBXBuildFile; fileRef = 4078523723C64C51006E4EAC /* ZappStorageProtocol.swift */; };
		4078528C23C64C51006E4EAC /* StorageHelper.swift in Sources */ = {isa = PBXBuildFile; fileRef = 4078523823C64C51006E4EAC /* StorageHelper.swift */; };
		4078528D23C64C51006E4EAC /* StoragesConsts.swift in Sources */ = {isa = PBXBuildFile; fileRef = 4078523923C64C51006E4EAC /* StoragesConsts.swift */; };
		4078528E23C64C51006E4EAC /* APCacheManager.swift in Sources */ = {isa = PBXBuildFile; fileRef = 4078523B23C64C51006E4EAC /* APCacheManager.swift */; };
		4078528F23C64C51006E4EAC /* APFileLoadingCompletion.swift in Sources */ = {isa = PBXBuildFile; fileRef = 4078523C23C64C51006E4EAC /* APFileLoadingCompletion.swift */; };
		4078529023C64C51006E4EAC /* JsonSerializableProtocol.swift in Sources */ = {isa = PBXBuildFile; fileRef = 4078523D23C64C51006E4EAC /* JsonSerializableProtocol.swift */; };
		4078529123C64C51006E4EAC /* APCacheHelper.swift in Sources */ = {isa = PBXBuildFile; fileRef = 4078523E23C64C51006E4EAC /* APCacheHelper.swift */; };
		4078529223C64C51006E4EAC /* APFile.swift in Sources */ = {isa = PBXBuildFile; fileRef = 4078523F23C64C51006E4EAC /* APFile.swift */; };
		4078529323C64C51006E4EAC /* APCachedModel.swift in Sources */ = {isa = PBXBuildFile; fileRef = 4078524023C64C51006E4EAC /* APCachedModel.swift */; };
		4078529423C64C51006E4EAC /* FeaturesCustomization.swift in Sources */ = {isa = PBXBuildFile; fileRef = 4078524223C64C51006E4EAC /* FeaturesCustomization.swift */; };
		4078529523C64C51006E4EAC /* FeaturesCusimizationConsts.swift in Sources */ = {isa = PBXBuildFile; fileRef = 4078524323C64C51006E4EAC /* FeaturesCusimizationConsts.swift */; };
		4078529623C64C51006E4EAC /* SpotlightSubscription.swift in Sources */ = {isa = PBXBuildFile; fileRef = 4078524523C64C51006E4EAC /* SpotlightSubscription.swift */; };
		4078529723C64C51006E4EAC /* CSSubscriptionManager.h in Headers */ = {isa = PBXBuildFile; fileRef = 4078524623C64C51006E4EAC /* CSSubscriptionManager.h */; settings = {ATTRIBUTES = (Public, ); }; };
		4078529823C64C51006E4EAC /* UserInterfaceLayerManager.swift in Sources */ = {isa = PBXBuildFile; fileRef = 4078524823C64C51006E4EAC /* UserInterfaceLayerManager.swift */; };
		4078529923C64C51006E4EAC /* LoadingState.swift in Sources */ = {isa = PBXBuildFile; fileRef = 4078524A23C64C51006E4EAC /* LoadingState.swift */; };
		4078529A23C64C51006E4EAC /* LoadingStateMachine.swift in Sources */ = {isa = PBXBuildFile; fileRef = 4078524B23C64C51006E4EAC /* LoadingStateMachine.swift */; };
		4078529B23C64C51006E4EAC /* LoadingStateConst.swift in Sources */ = {isa = PBXBuildFile; fileRef = 4078524C23C64C51006E4EAC /* LoadingStateConst.swift */; };
		4078529C23C64C51006E4EAC /* LoadingStateMachineDelegate.swift in Sources */ = {isa = PBXBuildFile; fileRef = 4078524E23C64C51006E4EAC /* LoadingStateMachineDelegate.swift */; };
		4078529D23C64C51006E4EAC /* LoadingStateMachineDataSource.swift in Sources */ = {isa = PBXBuildFile; fileRef = 4078524F23C64C51006E4EAC /* LoadingStateMachineDataSource.swift */; };
		4078529E23C64C51006E4EAC /* CoreStylesKeys.swift in Sources */ = {isa = PBXBuildFile; fileRef = 4078525123C64C51006E4EAC /* CoreStylesKeys.swift */; };
		4078529F23C64C51006E4EAC /* StylesHelper.swift in Sources */ = {isa = PBXBuildFile; fileRef = 4078525223C64C51006E4EAC /* StylesHelper.swift */; };
		407852A023C64C51006E4EAC /* Keychain.h in Headers */ = {isa = PBXBuildFile; fileRef = 4078525423C64C51006E4EAC /* Keychain.h */; settings = {ATTRIBUTES = (Public, ); }; };
		407852A123C64C51006E4EAC /* HTTPStatusCode.swift in Sources */ = {isa = PBXBuildFile; fileRef = 4078525523C64C51006E4EAC /* HTTPStatusCode.swift */; };
		407852A223C64C51006E4EAC /* Keychain.m in Sources */ = {isa = PBXBuildFile; fileRef = 4078525623C64C51006E4EAC /* Keychain.m */; };
		407852A323C64C51006E4EAC /* ReachabilityManager.swift in Sources */ = {isa = PBXBuildFile; fileRef = 4078525823C64C51006E4EAC /* ReachabilityManager.swift */; };
		407852A423C64C51006E4EAC /* ReachabilityManagerDelegate.swift in Sources */ = {isa = PBXBuildFile; fileRef = 4078525923C64C51006E4EAC /* ReachabilityManagerDelegate.swift */; };
		407852A523C64C51006E4EAC /* IdentityClientBase.swift in Sources */ = {isa = PBXBuildFile; fileRef = 4078525B23C64C51006E4EAC /* IdentityClientBase.swift */; };
		407852A623C64C51006E4EAC /* DataManager.swift in Sources */ = {isa = PBXBuildFile; fileRef = 4078525E23C64C51006E4EAC /* DataManager.swift */; };
		407852A723C64C51006E4EAC /* LoadingManager.swift in Sources */ = {isa = PBXBuildFile; fileRef = 4078526023C64C51006E4EAC /* LoadingManager.swift */; };
		407852A823C64C51006E4EAC /* IdentityClient.swift in Sources */ = {isa = PBXBuildFile; fileRef = 4078526223C64C51006E4EAC /* IdentityClient.swift */; };
		407852A923C64C51006E4EAC /* AnalyticsKeys.swift in Sources */ = {isa = PBXBuildFile; fileRef = 4078526523C64C51006E4EAC /* AnalyticsKeys.swift */; };
		407852AA23C64C51006E4EAC /* AssetsKeys.swift in Sources */ = {isa = PBXBuildFile; fileRef = 4078526723C64C51006E4EAC /* AssetsKeys.swift */; };
		407852AB23C64C51006E4EAC /* UIApplication+Extension.swift in Sources */ = {isa = PBXBuildFile; fileRef = 4078526A23C64C51006E4EAC /* UIApplication+Extension.swift */; };
		407852AC23C64C51006E4EAC /* UIColor+Additions.swift in Sources */ = {isa = PBXBuildFile; fileRef = 4078526C23C64C51006E4EAC /* UIColor+Additions.swift */; };
		407852AD23C64C51006E4EAC /* UIView+Additions.swift in Sources */ = {isa = PBXBuildFile; fileRef = 4078526E23C64C51006E4EAC /* UIView+Additions.swift */; };
		407852AE23C64C51006E4EAC /* AVUrlAsset+Extensions.swift in Sources */ = {isa = PBXBuildFile; fileRef = 4078527023C64C51006E4EAC /* AVUrlAsset+Extensions.swift */; };
		407852AF23C64C51006E4EAC /* UIViewController+Additions.swift in Sources */ = {isa = PBXBuildFile; fileRef = 4078527223C64C51006E4EAC /* UIViewController+Additions.swift */; };
		407852B023C64C51006E4EAC /* String+APAdditions.swift in Sources */ = {isa = PBXBuildFile; fileRef = 4078527423C64C51006E4EAC /* String+APAdditions.swift */; };
		57360A980CD40443AD5E08CC /* Pods_ZappApple_ZappAppleTests.framework in Frameworks */ = {isa = PBXBuildFile; fileRef = 165CD52262590509D3A5B786 /* Pods_ZappApple_ZappAppleTests.framework */; };
		57A1C929661FC817029E4E79 /* Pods_ZappApple.framework in Frameworks */ = {isa = PBXBuildFile; fileRef = E90BFDBA0212FB67251D2F9A /* Pods_ZappApple.framework */; };
/* End PBXBuildFile section */

/* Begin PBXContainerItemProxy section */
		4078520123C64BF2006E4EAC /* PBXContainerItemProxy */ = {
			isa = PBXContainerItemProxy;
			containerPortal = 407851ED23C64BF2006E4EAC /* Project object */;
			proxyType = 1;
			remoteGlobalIDString = 407851F523C64BF2006E4EAC;
			remoteInfo = ZappApple;
		};
/* End PBXContainerItemProxy section */

/* Begin PBXFileReference section */
		165CD52262590509D3A5B786 /* Pods_ZappApple_ZappAppleTests.framework */ = {isa = PBXFileReference; explicitFileType = wrapper.framework; includeInIndex = 0; path = Pods_ZappApple_ZappAppleTests.framework; sourceTree = BUILT_PRODUCTS_DIR; };
		407851F623C64BF2006E4EAC /* ZappApple.framework */ = {isa = PBXFileReference; explicitFileType = wrapper.framework; includeInIndex = 0; path = ZappApple.framework; sourceTree = BUILT_PRODUCTS_DIR; };
		407851F923C64BF2006E4EAC /* ZappApple.h */ = {isa = PBXFileReference; lastKnownFileType = sourcecode.c.h; path = ZappApple.h; sourceTree = "<group>"; };
		407851FA23C64BF2006E4EAC /* Info.plist */ = {isa = PBXFileReference; lastKnownFileType = text.plist.xml; path = Info.plist; sourceTree = "<group>"; };
		407851FF23C64BF2006E4EAC /* ZappAppleTests.xctest */ = {isa = PBXFileReference; explicitFileType = wrapper.cfbundle; includeInIndex = 0; path = ZappAppleTests.xctest; sourceTree = BUILT_PRODUCTS_DIR; };
		4078520423C64BF2006E4EAC /* ZappAppleTests.swift */ = {isa = PBXFileReference; lastKnownFileType = sourcecode.swift; path = ZappAppleTests.swift; sourceTree = "<group>"; };
		4078520623C64BF2006E4EAC /* Info.plist */ = {isa = PBXFileReference; lastKnownFileType = text.plist.xml; path = Info.plist; sourceTree = "<group>"; };
		4078521323C64C51006E4EAC /* MsAppCenterDistributionHandler.swift */ = {isa = PBXFileReference; fileEncoding = 4; lastKnownFileType = sourcecode.swift; path = MsAppCenterDistributionHandler.swift; sourceTree = "<group>"; };
		4078521723C64C51006E4EAC /* PlayerDependantPluginsManager+PlayerObserverProtocol.swift */ = {isa = PBXFileReference; fileEncoding = 4; lastKnownFileType = sourcecode.swift; path = "PlayerDependantPluginsManager+PlayerObserverProtocol.swift"; sourceTree = "<group>"; };
		4078521823C64C51006E4EAC /* PlayerDependantPluginsManager.swift */ = {isa = PBXFileReference; fileEncoding = 4; lastKnownFileType = sourcecode.swift; path = PlayerDependantPluginsManager.swift; sourceTree = "<group>"; };
		4078521A23C64C51006E4EAC /* PluginsManager+Utils.swift */ = {isa = PBXFileReference; fileEncoding = 4; lastKnownFileType = sourcecode.swift; path = "PluginsManager+Utils.swift"; sourceTree = "<group>"; };
		4078521B23C64C51006E4EAC /* PluginManager+LoadingStateMachineDataSource.swift */ = {isa = PBXFileReference; fileEncoding = 4; lastKnownFileType = sourcecode.swift; path = "PluginManager+LoadingStateMachineDataSource.swift"; sourceTree = "<group>"; };
		4078521C23C64C51006E4EAC /* PluginsManager.swift */ = {isa = PBXFileReference; fileEncoding = 4; lastKnownFileType = sourcecode.swift; path = PluginsManager.swift; sourceTree = "<group>"; };
		4078521E23C64C51006E4EAC /* AnalyticsManager.swift */ = {isa = PBXFileReference; fileEncoding = 4; lastKnownFileType = sourcecode.swift; path = AnalyticsManager.swift; sourceTree = "<group>"; };
		4078522023C64C51006E4EAC /* CrashlogsPluginsManager.swift */ = {isa = PBXFileReference; fileEncoding = 4; lastKnownFileType = sourcecode.swift; path = CrashlogsPluginsManager.swift; sourceTree = "<group>"; };
		4078522323C64C51006E4EAC /* AppDelegateProtocol.swift */ = {isa = PBXFileReference; fileEncoding = 4; lastKnownFileType = sourcecode.swift; path = AppDelegateProtocol.swift; sourceTree = "<group>"; };
		4078522523C64C51006E4EAC /* SplashViewController.swift */ = {isa = PBXFileReference; fileEncoding = 4; lastKnownFileType = sourcecode.swift; path = SplashViewController.swift; sourceTree = "<group>"; };
		4078522723C64C51006E4EAC /* RootViewController+AppLoadingStateMachineDataSource.swift */ = {isa = PBXFileReference; fileEncoding = 4; lastKnownFileType = sourcecode.swift; path = "RootViewController+AppLoadingStateMachineDataSource.swift"; sourceTree = "<group>"; };
		4078522823C64C51006E4EAC /* RootViewController.swift */ = {isa = PBXFileReference; fileEncoding = 4; lastKnownFileType = sourcecode.swift; path = RootViewController.swift; sourceTree = "<group>"; };
		4078522A23C64C51006E4EAC /* RootViewController+FacadeConnectorAnalyticsProtocol.swift */ = {isa = PBXFileReference; fileEncoding = 4; lastKnownFileType = sourcecode.swift; path = "RootViewController+FacadeConnectorAnalyticsProtocol.swift"; sourceTree = "<group>"; };
		4078522B23C64C51006E4EAC /* RootViewController+FacadeConnectorPlayerDependantProtocol.swift */ = {isa = PBXFileReference; fileEncoding = 4; lastKnownFileType = sourcecode.swift; path = "RootViewController+FacadeConnectorPlayerDependantProtocol.swift"; sourceTree = "<group>"; };
		4078522C23C64C51006E4EAC /* RootViewController+FacadeConnectorAppDataProtocol.swift */ = {isa = PBXFileReference; fileEncoding = 4; lastKnownFileType = sourcecode.swift; path = "RootViewController+FacadeConnectorAppDataProtocol.swift"; sourceTree = "<group>"; };
		4078522D23C64C51006E4EAC /* RootViewController+FacadeConnectorStorageProtocol.swift */ = {isa = PBXFileReference; fileEncoding = 4; lastKnownFileType = sourcecode.swift; path = "RootViewController+FacadeConnectorStorageProtocol.swift"; sourceTree = "<group>"; };
		4078522E23C64C51006E4EAC /* RootViewController+FacadeConnectorPluginManagerProtocol.swift */ = {isa = PBXFileReference; fileEncoding = 4; lastKnownFileType = sourcecode.swift; path = "RootViewController+FacadeConnectorPluginManagerProtocol.swift"; sourceTree = "<group>"; };
		4078522F23C64C51006E4EAC /* RootViewController+ReachabilityManagerDelegate.swift */ = {isa = PBXFileReference; fileEncoding = 4; lastKnownFileType = sourcecode.swift; path = "RootViewController+ReachabilityManagerDelegate.swift"; sourceTree = "<group>"; };
		4078523323C64C51006E4EAC /* SessionStorage.swift */ = {isa = PBXFileReference; fileEncoding = 4; lastKnownFileType = sourcecode.swift; path = SessionStorage.swift; sourceTree = "<group>"; };
		4078523423C64C51006E4EAC /* StorageInitialization.swift */ = {isa = PBXFileReference; fileEncoding = 4; lastKnownFileType = sourcecode.swift; path = StorageInitialization.swift; sourceTree = "<group>"; };
		4078523623C64C51006E4EAC /* LocalStorage.swift */ = {isa = PBXFileReference; fileEncoding = 4; lastKnownFileType = sourcecode.swift; path = LocalStorage.swift; sourceTree = "<group>"; };
		4078523723C64C51006E4EAC /* ZappStorageProtocol.swift */ = {isa = PBXFileReference; fileEncoding = 4; lastKnownFileType = sourcecode.swift; path = ZappStorageProtocol.swift; sourceTree = "<group>"; };
		4078523823C64C51006E4EAC /* StorageHelper.swift */ = {isa = PBXFileReference; fileEncoding = 4; lastKnownFileType = sourcecode.swift; path = StorageHelper.swift; sourceTree = "<group>"; };
		4078523923C64C51006E4EAC /* StoragesConsts.swift */ = {isa = PBXFileReference; fileEncoding = 4; lastKnownFileType = sourcecode.swift; path = StoragesConsts.swift; sourceTree = "<group>"; };
		4078523B23C64C51006E4EAC /* APCacheManager.swift */ = {isa = PBXFileReference; fileEncoding = 4; lastKnownFileType = sourcecode.swift; path = APCacheManager.swift; sourceTree = "<group>"; };
		4078523C23C64C51006E4EAC /* APFileLoadingCompletion.swift */ = {isa = PBXFileReference; fileEncoding = 4; lastKnownFileType = sourcecode.swift; path = APFileLoadingCompletion.swift; sourceTree = "<group>"; };
		4078523D23C64C51006E4EAC /* JsonSerializableProtocol.swift */ = {isa = PBXFileReference; fileEncoding = 4; lastKnownFileType = sourcecode.swift; path = JsonSerializableProtocol.swift; sourceTree = "<group>"; };
		4078523E23C64C51006E4EAC /* APCacheHelper.swift */ = {isa = PBXFileReference; fileEncoding = 4; lastKnownFileType = sourcecode.swift; path = APCacheHelper.swift; sourceTree = "<group>"; };
		4078523F23C64C51006E4EAC /* APFile.swift */ = {isa = PBXFileReference; fileEncoding = 4; lastKnownFileType = sourcecode.swift; path = APFile.swift; sourceTree = "<group>"; };
		4078524023C64C51006E4EAC /* APCachedModel.swift */ = {isa = PBXFileReference; fileEncoding = 4; lastKnownFileType = sourcecode.swift; path = APCachedModel.swift; sourceTree = "<group>"; };
		4078524223C64C51006E4EAC /* FeaturesCustomization.swift */ = {isa = PBXFileReference; fileEncoding = 4; lastKnownFileType = sourcecode.swift; path = FeaturesCustomization.swift; sourceTree = "<group>"; };
		4078524323C64C51006E4EAC /* FeaturesCusimizationConsts.swift */ = {isa = PBXFileReference; fileEncoding = 4; lastKnownFileType = sourcecode.swift; path = FeaturesCusimizationConsts.swift; sourceTree = "<group>"; };
		4078524523C64C51006E4EAC /* SpotlightSubscription.swift */ = {isa = PBXFileReference; fileEncoding = 4; lastKnownFileType = sourcecode.swift; path = SpotlightSubscription.swift; sourceTree = "<group>"; };
		4078524623C64C51006E4EAC /* CSSubscriptionManager.h */ = {isa = PBXFileReference; fileEncoding = 4; lastKnownFileType = sourcecode.c.h; path = CSSubscriptionManager.h; sourceTree = "<group>"; };
		4078524823C64C51006E4EAC /* UserInterfaceLayerManager.swift */ = {isa = PBXFileReference; fileEncoding = 4; lastKnownFileType = sourcecode.swift; path = UserInterfaceLayerManager.swift; sourceTree = "<group>"; };
		4078524A23C64C51006E4EAC /* LoadingState.swift */ = {isa = PBXFileReference; fileEncoding = 4; lastKnownFileType = sourcecode.swift; path = LoadingState.swift; sourceTree = "<group>"; };
		4078524B23C64C51006E4EAC /* LoadingStateMachine.swift */ = {isa = PBXFileReference; fileEncoding = 4; lastKnownFileType = sourcecode.swift; path = LoadingStateMachine.swift; sourceTree = "<group>"; };
		4078524C23C64C51006E4EAC /* LoadingStateConst.swift */ = {isa = PBXFileReference; fileEncoding = 4; lastKnownFileType = sourcecode.swift; path = LoadingStateConst.swift; sourceTree = "<group>"; };
		4078524E23C64C51006E4EAC /* LoadingStateMachineDelegate.swift */ = {isa = PBXFileReference; fileEncoding = 4; lastKnownFileType = sourcecode.swift; path = LoadingStateMachineDelegate.swift; sourceTree = "<group>"; };
		4078524F23C64C51006E4EAC /* LoadingStateMachineDataSource.swift */ = {isa = PBXFileReference; fileEncoding = 4; lastKnownFileType = sourcecode.swift; path = LoadingStateMachineDataSource.swift; sourceTree = "<group>"; };
		4078525123C64C51006E4EAC /* CoreStylesKeys.swift */ = {isa = PBXFileReference; fileEncoding = 4; lastKnownFileType = sourcecode.swift; path = CoreStylesKeys.swift; sourceTree = "<group>"; };
		4078525223C64C51006E4EAC /* StylesHelper.swift */ = {isa = PBXFileReference; fileEncoding = 4; lastKnownFileType = sourcecode.swift; path = StylesHelper.swift; sourceTree = "<group>"; };
		4078525423C64C51006E4EAC /* Keychain.h */ = {isa = PBXFileReference; fileEncoding = 4; lastKnownFileType = sourcecode.c.h; path = Keychain.h; sourceTree = "<group>"; };
		4078525523C64C51006E4EAC /* HTTPStatusCode.swift */ = {isa = PBXFileReference; fileEncoding = 4; lastKnownFileType = sourcecode.swift; path = HTTPStatusCode.swift; sourceTree = "<group>"; };
		4078525623C64C51006E4EAC /* Keychain.m */ = {isa = PBXFileReference; fileEncoding = 4; lastKnownFileType = sourcecode.c.objc; path = Keychain.m; sourceTree = "<group>"; };
		4078525823C64C51006E4EAC /* ReachabilityManager.swift */ = {isa = PBXFileReference; fileEncoding = 4; lastKnownFileType = sourcecode.swift; path = ReachabilityManager.swift; sourceTree = "<group>"; };
		4078525923C64C51006E4EAC /* ReachabilityManagerDelegate.swift */ = {isa = PBXFileReference; fileEncoding = 4; lastKnownFileType = sourcecode.swift; path = ReachabilityManagerDelegate.swift; sourceTree = "<group>"; };
		4078525B23C64C51006E4EAC /* IdentityClientBase.swift */ = {isa = PBXFileReference; fileEncoding = 4; lastKnownFileType = sourcecode.swift; path = IdentityClientBase.swift; sourceTree = "<group>"; };
		4078525E23C64C51006E4EAC /* DataManager.swift */ = {isa = PBXFileReference; fileEncoding = 4; lastKnownFileType = sourcecode.swift; path = DataManager.swift; sourceTree = "<group>"; };
		4078526023C64C51006E4EAC /* LoadingManager.swift */ = {isa = PBXFileReference; fileEncoding = 4; lastKnownFileType = sourcecode.swift; path = LoadingManager.swift; sourceTree = "<group>"; };
		4078526223C64C51006E4EAC /* IdentityClient.swift */ = {isa = PBXFileReference; fileEncoding = 4; lastKnownFileType = sourcecode.swift; path = IdentityClient.swift; sourceTree = "<group>"; };
		4078526523C64C51006E4EAC /* AnalyticsKeys.swift */ = {isa = PBXFileReference; fileEncoding = 4; lastKnownFileType = sourcecode.swift; path = AnalyticsKeys.swift; sourceTree = "<group>"; };
		4078526723C64C51006E4EAC /* AssetsKeys.swift */ = {isa = PBXFileReference; fileEncoding = 4; lastKnownFileType = sourcecode.swift; path = AssetsKeys.swift; sourceTree = "<group>"; };
		4078526A23C64C51006E4EAC /* UIApplication+Extension.swift */ = {isa = PBXFileReference; fileEncoding = 4; lastKnownFileType = sourcecode.swift; path = "UIApplication+Extension.swift"; sourceTree = "<group>"; };
		4078526C23C64C51006E4EAC /* UIColor+Additions.swift */ = {isa = PBXFileReference; fileEncoding = 4; lastKnownFileType = sourcecode.swift; path = "UIColor+Additions.swift"; sourceTree = "<group>"; };
		4078526E23C64C51006E4EAC /* UIView+Additions.swift */ = {isa = PBXFileReference; fileEncoding = 4; lastKnownFileType = sourcecode.swift; path = "UIView+Additions.swift"; sourceTree = "<group>"; };
		4078527023C64C51006E4EAC /* AVUrlAsset+Extensions.swift */ = {isa = PBXFileReference; fileEncoding = 4; lastKnownFileType = sourcecode.swift; path = "AVUrlAsset+Extensions.swift"; sourceTree = "<group>"; };
		4078527223C64C51006E4EAC /* UIViewController+Additions.swift */ = {isa = PBXFileReference; fileEncoding = 4; lastKnownFileType = sourcecode.swift; path = "UIViewController+Additions.swift"; sourceTree = "<group>"; };
		4078527423C64C51006E4EAC /* String+APAdditions.swift */ = {isa = PBXFileReference; fileEncoding = 4; lastKnownFileType = sourcecode.swift; path = "String+APAdditions.swift"; sourceTree = "<group>"; };
		8F52EEA11A3AA77FA3F80915 /* Pods-ZappApple.release.xcconfig */ = {isa = PBXFileReference; includeInIndex = 1; lastKnownFileType = text.xcconfig; name = "Pods-ZappApple.release.xcconfig"; path = "Target Support Files/Pods-ZappApple/Pods-ZappApple.release.xcconfig"; sourceTree = "<group>"; };
		A744E1EF37693F91D7E60D9E /* Pods-ZappApple.debug.xcconfig */ = {isa = PBXFileReference; includeInIndex = 1; lastKnownFileType = text.xcconfig; name = "Pods-ZappApple.debug.xcconfig"; path = "Target Support Files/Pods-ZappApple/Pods-ZappApple.debug.xcconfig"; sourceTree = "<group>"; };
		B672C1FE6CF8CC318F2DB7FA /* Pods-ZappApple-ZappAppleTests.release.xcconfig */ = {isa = PBXFileReference; includeInIndex = 1; lastKnownFileType = text.xcconfig; name = "Pods-ZappApple-ZappAppleTests.release.xcconfig"; path = "Target Support Files/Pods-ZappApple-ZappAppleTests/Pods-ZappApple-ZappAppleTests.release.xcconfig"; sourceTree = "<group>"; };
		C845E31A47C44D21DF8540C6 /* Pods-ZappApple-ZappAppleTests.debug.xcconfig */ = {isa = PBXFileReference; includeInIndex = 1; lastKnownFileType = text.xcconfig; name = "Pods-ZappApple-ZappAppleTests.debug.xcconfig"; path = "Target Support Files/Pods-ZappApple-ZappAppleTests/Pods-ZappApple-ZappAppleTests.debug.xcconfig"; sourceTree = "<group>"; };
		E90BFDBA0212FB67251D2F9A /* Pods_ZappApple.framework */ = {isa = PBXFileReference; explicitFileType = wrapper.framework; includeInIndex = 0; path = Pods_ZappApple.framework; sourceTree = BUILT_PRODUCTS_DIR; };
/* End PBXFileReference section */

/* Begin PBXFrameworksBuildPhase section */
		407851F323C64BF2006E4EAC /* Frameworks */ = {
			isa = PBXFrameworksBuildPhase;
			buildActionMask = 2147483647;
			files = (
				57A1C929661FC817029E4E79 /* Pods_ZappApple.framework in Frameworks */,
			);
			runOnlyForDeploymentPostprocessing = 0;
		};
		407851FC23C64BF2006E4EAC /* Frameworks */ = {
			isa = PBXFrameworksBuildPhase;
			buildActionMask = 2147483647;
			files = (
				4078520023C64BF2006E4EAC /* ZappApple.framework in Frameworks */,
				57360A980CD40443AD5E08CC /* Pods_ZappApple_ZappAppleTests.framework in Frameworks */,
			);
			runOnlyForDeploymentPostprocessing = 0;
		};
/* End PBXFrameworksBuildPhase section */

/* Begin PBXGroup section */
		407851EC23C64BF2006E4EAC = {
			isa = PBXGroup;
			children = (
				4078521023C64C51006E4EAC /* ios */,
				4078527523C64C51006E4EAC /* tvos */,
				4078521423C64C51006E4EAC /* Universal */,
				407851F823C64BF2006E4EAC /* ZappApple */,
				4078520323C64BF2006E4EAC /* ZappAppleTests */,
				407851F723C64BF2006E4EAC /* Products */,
				46269DC20EA54D094F6F7442 /* Pods */,
				E5464BCBD7FF72AE4850CB48 /* Frameworks */,
			);
			sourceTree = "<group>";
		};
		407851F723C64BF2006E4EAC /* Products */ = {
			isa = PBXGroup;
			children = (
				407851F623C64BF2006E4EAC /* ZappApple.framework */,
				407851FF23C64BF2006E4EAC /* ZappAppleTests.xctest */,
			);
			name = Products;
			sourceTree = "<group>";
		};
		407851F823C64BF2006E4EAC /* ZappApple */ = {
			isa = PBXGroup;
			children = (
				407851F923C64BF2006E4EAC /* ZappApple.h */,
				407851FA23C64BF2006E4EAC /* Info.plist */,
			);
			path = ZappApple;
			sourceTree = "<group>";
		};
		4078520323C64BF2006E4EAC /* ZappAppleTests */ = {
			isa = PBXGroup;
			children = (
				4078520423C64BF2006E4EAC /* ZappAppleTests.swift */,
				4078520623C64BF2006E4EAC /* Info.plist */,
			);
			path = ZappAppleTests;
			sourceTree = "<group>";
		};
		4078521023C64C51006E4EAC /* ios */ = {
			isa = PBXGroup;
			children = (
				4078521123C64C51006E4EAC /* Helpers */,
			);
			name = ios;
			path = ../Files/ios;
			sourceTree = "<group>";
		};
		4078521123C64C51006E4EAC /* Helpers */ = {
			isa = PBXGroup;
			children = (
				4078521223C64C51006E4EAC /* MsAppCenterDistributionHandler */,
			);
			path = Helpers;
			sourceTree = "<group>";
		};
		4078521223C64C51006E4EAC /* MsAppCenterDistributionHandler */ = {
			isa = PBXGroup;
			children = (
				4078521323C64C51006E4EAC /* MsAppCenterDistributionHandler.swift */,
			);
			path = MsAppCenterDistributionHandler;
			sourceTree = "<group>";
		};
		4078521423C64C51006E4EAC /* Universal */ = {
			isa = PBXGroup;
			children = (
				4078521523C64C51006E4EAC /* Plugins */,
				4078522123C64C51006E4EAC /* Protocol */,
				4078522423C64C51006E4EAC /* ViewControllers */,
				4078523023C64C51006E4EAC /* Helpers */,
			);
			name = Universal;
			path = ../Files/Universal;
			sourceTree = "<group>";
		};
		4078521523C64C51006E4EAC /* Plugins */ = {
			isa = PBXGroup;
			children = (
				4078521623C64C51006E4EAC /* PlayerDependant */,
				4078521923C64C51006E4EAC /* PluginManager */,
				4078521D23C64C51006E4EAC /* Analytics */,
				4078521F23C64C51006E4EAC /* CrashLog */,
			);
			path = Plugins;
			sourceTree = "<group>";
		};
		4078521623C64C51006E4EAC /* PlayerDependant */ = {
			isa = PBXGroup;
			children = (
				4078521723C64C51006E4EAC /* PlayerDependantPluginsManager+PlayerObserverProtocol.swift */,
				4078521823C64C51006E4EAC /* PlayerDependantPluginsManager.swift */,
			);
			path = PlayerDependant;
			sourceTree = "<group>";
		};
		4078521923C64C51006E4EAC /* PluginManager */ = {
			isa = PBXGroup;
			children = (
				4078521A23C64C51006E4EAC /* PluginsManager+Utils.swift */,
				4078521B23C64C51006E4EAC /* PluginManager+LoadingStateMachineDataSource.swift */,
				4078521C23C64C51006E4EAC /* PluginsManager.swift */,
			);
			path = PluginManager;
			sourceTree = "<group>";
		};
		4078521D23C64C51006E4EAC /* Analytics */ = {
			isa = PBXGroup;
			children = (
				4078521E23C64C51006E4EAC /* AnalyticsManager.swift */,
			);
			path = Analytics;
			sourceTree = "<group>";
		};
		4078521F23C64C51006E4EAC /* CrashLog */ = {
			isa = PBXGroup;
			children = (
				4078522023C64C51006E4EAC /* CrashlogsPluginsManager.swift */,
			);
			path = CrashLog;
			sourceTree = "<group>";
		};
		4078522123C64C51006E4EAC /* Protocol */ = {
			isa = PBXGroup;
			children = (
				4078522223C64C51006E4EAC /* AppDelegateProtocol */,
			);
			path = Protocol;
			sourceTree = "<group>";
		};
		4078522223C64C51006E4EAC /* AppDelegateProtocol */ = {
			isa = PBXGroup;
			children = (
				4078522323C64C51006E4EAC /* AppDelegateProtocol.swift */,
			);
			path = AppDelegateProtocol;
			sourceTree = "<group>";
		};
		4078522423C64C51006E4EAC /* ViewControllers */ = {
			isa = PBXGroup;
			children = (
				4078522523C64C51006E4EAC /* SplashViewController.swift */,
				4078522623C64C51006E4EAC /* RootViewController */,
			);
			path = ViewControllers;
			sourceTree = "<group>";
		};
		4078522623C64C51006E4EAC /* RootViewController */ = {
			isa = PBXGroup;
			children = (
				4078522723C64C51006E4EAC /* RootViewController+AppLoadingStateMachineDataSource.swift */,
				4078522823C64C51006E4EAC /* RootViewController.swift */,
				4078522923C64C51006E4EAC /* FacadeConnector */,
				4078522F23C64C51006E4EAC /* RootViewController+ReachabilityManagerDelegate.swift */,
			);
			path = RootViewController;
			sourceTree = "<group>";
		};
		4078522923C64C51006E4EAC /* FacadeConnector */ = {
			isa = PBXGroup;
			children = (
				4078522A23C64C51006E4EAC /* RootViewController+FacadeConnectorAnalyticsProtocol.swift */,
				4078522B23C64C51006E4EAC /* RootViewController+FacadeConnectorPlayerDependantProtocol.swift */,
				4078522C23C64C51006E4EAC /* RootViewController+FacadeConnectorAppDataProtocol.swift */,
				4078522D23C64C51006E4EAC /* RootViewController+FacadeConnectorStorageProtocol.swift */,
				4078522E23C64C51006E4EAC /* RootViewController+FacadeConnectorPluginManagerProtocol.swift */,
			);
			path = FacadeConnector;
			sourceTree = "<group>";
		};
		4078523023C64C51006E4EAC /* Helpers */ = {
			isa = PBXGroup;
			children = (
				4078523123C64C51006E4EAC /* Storages */,
				4078523A23C64C51006E4EAC /* CacheHelper */,
				4078524123C64C51006E4EAC /* FeaturesCustomization */,
				4078524423C64C51006E4EAC /* UniversalSearch */,
				4078524723C64C51006E4EAC /* UserInterfaceLayerManager */,
				4078524923C64C51006E4EAC /* StateMachine */,
				4078525023C64C51006E4EAC /* Styles */,
				4078525323C64C51006E4EAC /* Keychain */,
				4078525723C64C51006E4EAC /* Reachability */,
				4078525A23C64C51006E4EAC /* IdentityClient */,
				4078525C23C64C51006E4EAC /* AppLoading */,
				4078526323C64C51006E4EAC /* Keys */,
				4078526823C64C51006E4EAC /* Categories */,
			);
			path = Helpers;
			sourceTree = "<group>";
		};
		4078523123C64C51006E4EAC /* Storages */ = {
			isa = PBXGroup;
			children = (
				4078523223C64C51006E4EAC /* SessionStorage */,
				4078523423C64C51006E4EAC /* StorageInitialization.swift */,
				4078523523C64C51006E4EAC /* LocalStorage */,
				4078523723C64C51006E4EAC /* ZappStorageProtocol.swift */,
				4078523823C64C51006E4EAC /* StorageHelper.swift */,
				4078523923C64C51006E4EAC /* StoragesConsts.swift */,
			);
			path = Storages;
			sourceTree = "<group>";
		};
		4078523223C64C51006E4EAC /* SessionStorage */ = {
			isa = PBXGroup;
			children = (
				4078523323C64C51006E4EAC /* SessionStorage.swift */,
			);
			path = SessionStorage;
			sourceTree = "<group>";
		};
		4078523523C64C51006E4EAC /* LocalStorage */ = {
			isa = PBXGroup;
			children = (
				4078523623C64C51006E4EAC /* LocalStorage.swift */,
			);
			path = LocalStorage;
			sourceTree = "<group>";
		};
		4078523A23C64C51006E4EAC /* CacheHelper */ = {
			isa = PBXGroup;
			children = (
				4078523B23C64C51006E4EAC /* APCacheManager.swift */,
				4078523C23C64C51006E4EAC /* APFileLoadingCompletion.swift */,
				4078523D23C64C51006E4EAC /* JsonSerializableProtocol.swift */,
				4078523E23C64C51006E4EAC /* APCacheHelper.swift */,
				4078523F23C64C51006E4EAC /* APFile.swift */,
				4078524023C64C51006E4EAC /* APCachedModel.swift */,
			);
			path = CacheHelper;
			sourceTree = "<group>";
		};
		4078524123C64C51006E4EAC /* FeaturesCustomization */ = {
			isa = PBXGroup;
			children = (
				4078524223C64C51006E4EAC /* FeaturesCustomization.swift */,
				4078524323C64C51006E4EAC /* FeaturesCusimizationConsts.swift */,
			);
			path = FeaturesCustomization;
			sourceTree = "<group>";
		};
		4078524423C64C51006E4EAC /* UniversalSearch */ = {
			isa = PBXGroup;
			children = (
				4078524523C64C51006E4EAC /* SpotlightSubscription.swift */,
				4078524623C64C51006E4EAC /* CSSubscriptionManager.h */,
			);
			path = UniversalSearch;
			sourceTree = "<group>";
		};
		4078524723C64C51006E4EAC /* UserInterfaceLayerManager */ = {
			isa = PBXGroup;
			children = (
				4078524823C64C51006E4EAC /* UserInterfaceLayerManager.swift */,
			);
			path = UserInterfaceLayerManager;
			sourceTree = "<group>";
		};
		4078524923C64C51006E4EAC /* StateMachine */ = {
			isa = PBXGroup;
			children = (
				4078524A23C64C51006E4EAC /* LoadingState.swift */,
				4078524B23C64C51006E4EAC /* LoadingStateMachine.swift */,
				4078524C23C64C51006E4EAC /* LoadingStateConst.swift */,
				4078524D23C64C51006E4EAC /* Protocols */,
			);
			path = StateMachine;
			sourceTree = "<group>";
		};
		4078524D23C64C51006E4EAC /* Protocols */ = {
			isa = PBXGroup;
			children = (
				4078524E23C64C51006E4EAC /* LoadingStateMachineDelegate.swift */,
				4078524F23C64C51006E4EAC /* LoadingStateMachineDataSource.swift */,
			);
			path = Protocols;
			sourceTree = "<group>";
		};
		4078525023C64C51006E4EAC /* Styles */ = {
			isa = PBXGroup;
			children = (
				4078525123C64C51006E4EAC /* CoreStylesKeys.swift */,
				4078525223C64C51006E4EAC /* StylesHelper.swift */,
			);
			path = Styles;
			sourceTree = "<group>";
		};
		4078525323C64C51006E4EAC /* Keychain */ = {
			isa = PBXGroup;
			children = (
				4078525423C64C51006E4EAC /* Keychain.h */,
				4078525523C64C51006E4EAC /* HTTPStatusCode.swift */,
				4078525623C64C51006E4EAC /* Keychain.m */,
			);
			path = Keychain;
			sourceTree = "<group>";
		};
		4078525723C64C51006E4EAC /* Reachability */ = {
			isa = PBXGroup;
			children = (
				4078525823C64C51006E4EAC /* ReachabilityManager.swift */,
				4078525923C64C51006E4EAC /* ReachabilityManagerDelegate.swift */,
			);
			path = Reachability;
			sourceTree = "<group>";
		};
		4078525A23C64C51006E4EAC /* IdentityClient */ = {
			isa = PBXGroup;
			children = (
				4078525B23C64C51006E4EAC /* IdentityClientBase.swift */,
			);
			path = IdentityClient;
			sourceTree = "<group>";
		};
		4078525C23C64C51006E4EAC /* AppLoading */ = {
			isa = PBXGroup;
			children = (
				4078525D23C64C51006E4EAC /* DataManager */,
				4078525F23C64C51006E4EAC /* LoadingManager */,
				4078526123C64C51006E4EAC /* IdentityClient */,
			);
			path = AppLoading;
			sourceTree = "<group>";
		};
		4078525D23C64C51006E4EAC /* DataManager */ = {
			isa = PBXGroup;
			children = (
				4078525E23C64C51006E4EAC /* DataManager.swift */,
			);
			path = DataManager;
			sourceTree = "<group>";
		};
		4078525F23C64C51006E4EAC /* LoadingManager */ = {
			isa = PBXGroup;
			children = (
				4078526023C64C51006E4EAC /* LoadingManager.swift */,
			);
			path = LoadingManager;
			sourceTree = "<group>";
		};
		4078526123C64C51006E4EAC /* IdentityClient */ = {
			isa = PBXGroup;
			children = (
				4078526223C64C51006E4EAC /* IdentityClient.swift */,
			);
			path = IdentityClient;
			sourceTree = "<group>";
		};
		4078526323C64C51006E4EAC /* Keys */ = {
			isa = PBXGroup;
			children = (
				4078526423C64C51006E4EAC /* AnalyticsKeys */,
				4078526623C64C51006E4EAC /* AssetsKeys */,
			);
			path = Keys;
			sourceTree = "<group>";
		};
		4078526423C64C51006E4EAC /* AnalyticsKeys */ = {
			isa = PBXGroup;
			children = (
				4078526523C64C51006E4EAC /* AnalyticsKeys.swift */,
			);
			path = AnalyticsKeys;
			sourceTree = "<group>";
		};
		4078526623C64C51006E4EAC /* AssetsKeys */ = {
			isa = PBXGroup;
			children = (
				4078526723C64C51006E4EAC /* AssetsKeys.swift */,
			);
			path = AssetsKeys;
			sourceTree = "<group>";
		};
		4078526823C64C51006E4EAC /* Categories */ = {
			isa = PBXGroup;
			children = (
				4078526923C64C51006E4EAC /* UIApplication */,
				4078526B23C64C51006E4EAC /* UIColor */,
				4078526D23C64C51006E4EAC /* UIView */,
				4078526F23C64C51006E4EAC /* AVUrlAsset */,
				4078527123C64C51006E4EAC /* UIViewController */,
				4078527323C64C51006E4EAC /* String */,
			);
			path = Categories;
			sourceTree = "<group>";
		};
		4078526923C64C51006E4EAC /* UIApplication */ = {
			isa = PBXGroup;
			children = (
				4078526A23C64C51006E4EAC /* UIApplication+Extension.swift */,
			);
			path = UIApplication;
			sourceTree = "<group>";
		};
		4078526B23C64C51006E4EAC /* UIColor */ = {
			isa = PBXGroup;
			children = (
				4078526C23C64C51006E4EAC /* UIColor+Additions.swift */,
			);
			path = UIColor;
			sourceTree = "<group>";
		};
		4078526D23C64C51006E4EAC /* UIView */ = {
			isa = PBXGroup;
			children = (
				4078526E23C64C51006E4EAC /* UIView+Additions.swift */,
			);
			path = UIView;
			sourceTree = "<group>";
		};
		4078526F23C64C51006E4EAC /* AVUrlAsset */ = {
			isa = PBXGroup;
			children = (
				4078527023C64C51006E4EAC /* AVUrlAsset+Extensions.swift */,
			);
			path = AVUrlAsset;
			sourceTree = "<group>";
		};
		4078527123C64C51006E4EAC /* UIViewController */ = {
			isa = PBXGroup;
			children = (
				4078527223C64C51006E4EAC /* UIViewController+Additions.swift */,
			);
			path = UIViewController;
			sourceTree = "<group>";
		};
		4078527323C64C51006E4EAC /* String */ = {
			isa = PBXGroup;
			children = (
				4078527423C64C51006E4EAC /* String+APAdditions.swift */,
			);
			path = String;
			sourceTree = "<group>";
		};
		4078527523C64C51006E4EAC /* tvos */ = {
			isa = PBXGroup;
			children = (
			);
			name = tvos;
			path = ../Files/tvos;
			sourceTree = "<group>";
		};
		46269DC20EA54D094F6F7442 /* Pods */ = {
			isa = PBXGroup;
			children = (
				A744E1EF37693F91D7E60D9E /* Pods-ZappApple.debug.xcconfig */,
				8F52EEA11A3AA77FA3F80915 /* Pods-ZappApple.release.xcconfig */,
				C845E31A47C44D21DF8540C6 /* Pods-ZappApple-ZappAppleTests.debug.xcconfig */,
				B672C1FE6CF8CC318F2DB7FA /* Pods-ZappApple-ZappAppleTests.release.xcconfig */,
			);
			path = Pods;
			sourceTree = "<group>";
		};
		E5464BCBD7FF72AE4850CB48 /* Frameworks */ = {
			isa = PBXGroup;
			children = (
				E90BFDBA0212FB67251D2F9A /* Pods_ZappApple.framework */,
				165CD52262590509D3A5B786 /* Pods_ZappApple_ZappAppleTests.framework */,
			);
			name = Frameworks;
			sourceTree = "<group>";
		};
/* End PBXGroup section */

/* Begin PBXHeadersBuildPhase section */
		407851F123C64BF2006E4EAC /* Headers */ = {
			isa = PBXHeadersBuildPhase;
			buildActionMask = 2147483647;
			files = (
				4078520723C64BF2006E4EAC /* ZappApple.h in Headers */,
				4078529723C64C51006E4EAC /* CSSubscriptionManager.h in Headers */,
				407852A023C64C51006E4EAC /* Keychain.h in Headers */,
			);
			runOnlyForDeploymentPostprocessing = 0;
		};
/* End PBXHeadersBuildPhase section */

/* Begin PBXNativeTarget section */
		407851F523C64BF2006E4EAC /* ZappApple */ = {
			isa = PBXNativeTarget;
			buildConfigurationList = 4078520A23C64BF2006E4EAC /* Build configuration list for PBXNativeTarget "ZappApple" */;
			buildPhases = (
				117D4B2C7FC9D1B8E1E37F7A /* [CP] Check Pods Manifest.lock */,
				407851F123C64BF2006E4EAC /* Headers */,
				407851F223C64BF2006E4EAC /* Sources */,
				407851F323C64BF2006E4EAC /* Frameworks */,
				407851F423C64BF2006E4EAC /* Resources */,
				169193DC639353BACD1D07B4 /* [CP] Copy Pods Resources */,
			);
			buildRules = (
			);
			dependencies = (
			);
			name = ZappApple;
			productName = ZappApple;
			productReference = 407851F623C64BF2006E4EAC /* ZappApple.framework */;
			productType = "com.apple.product-type.framework";
		};
		407851FE23C64BF2006E4EAC /* ZappAppleTests */ = {
			isa = PBXNativeTarget;
			buildConfigurationList = 4078520D23C64BF2006E4EAC /* Build configuration list for PBXNativeTarget "ZappAppleTests" */;
			buildPhases = (
				32DC27DF949482CD58AC5B74 /* [CP] Check Pods Manifest.lock */,
				407851FB23C64BF2006E4EAC /* Sources */,
				407851FC23C64BF2006E4EAC /* Frameworks */,
				407851FD23C64BF2006E4EAC /* Resources */,
				554317F3067ADA828D28D300 /* [CP] Embed Pods Frameworks */,
				0A8F7D2BFB2E0A3CA8C41231 /* [CP] Copy Pods Resources */,
			);
			buildRules = (
			);
			dependencies = (
				4078520223C64BF2006E4EAC /* PBXTargetDependency */,
			);
			name = ZappAppleTests;
			productName = ZappAppleTests;
			productReference = 407851FF23C64BF2006E4EAC /* ZappAppleTests.xctest */;
			productType = "com.apple.product-type.bundle.unit-test";
		};
/* End PBXNativeTarget section */

/* Begin PBXProject section */
		407851ED23C64BF2006E4EAC /* Project object */ = {
			isa = PBXProject;
			attributes = {
				LastSwiftUpdateCheck = 1130;
				LastUpgradeCheck = 1130;
				ORGANIZATIONNAME = Applicaster;
				TargetAttributes = {
					407851F523C64BF2006E4EAC = {
						CreatedOnToolsVersion = 11.3;
					};
					407851FE23C64BF2006E4EAC = {
						CreatedOnToolsVersion = 11.3;
					};
				};
			};
			buildConfigurationList = 407851F023C64BF2006E4EAC /* Build configuration list for PBXProject "ZappApple" */;
			compatibilityVersion = "Xcode 9.3";
			developmentRegion = en;
			hasScannedForEncodings = 0;
			knownRegions = (
				en,
				Base,
			);
			mainGroup = 407851EC23C64BF2006E4EAC;
			productRefGroup = 407851F723C64BF2006E4EAC /* Products */;
			projectDirPath = "";
			projectRoot = "";
			targets = (
				407851F523C64BF2006E4EAC /* ZappApple */,
				407851FE23C64BF2006E4EAC /* ZappAppleTests */,
			);
		};
/* End PBXProject section */

/* Begin PBXResourcesBuildPhase section */
		407851F423C64BF2006E4EAC /* Resources */ = {
			isa = PBXResourcesBuildPhase;
			buildActionMask = 2147483647;
			files = (
			);
			runOnlyForDeploymentPostprocessing = 0;
		};
		407851FD23C64BF2006E4EAC /* Resources */ = {
			isa = PBXResourcesBuildPhase;
			buildActionMask = 2147483647;
			files = (
			);
			runOnlyForDeploymentPostprocessing = 0;
		};
/* End PBXResourcesBuildPhase section */

/* Begin PBXShellScriptBuildPhase section */
		0A8F7D2BFB2E0A3CA8C41231 /* [CP] Copy Pods Resources */ = {
			isa = PBXShellScriptBuildPhase;
			buildActionMask = 2147483647;
			files = (
			);
			inputFileListPaths = (
				"${PODS_ROOT}/Target Support Files/Pods-ZappApple-ZappAppleTests/Pods-ZappApple-ZappAppleTests-resources-${CONFIGURATION}-input-files.xcfilelist",
			);
			name = "[CP] Copy Pods Resources";
			outputFileListPaths = (
				"${PODS_ROOT}/Target Support Files/Pods-ZappApple-ZappAppleTests/Pods-ZappApple-ZappAppleTests-resources-${CONFIGURATION}-output-files.xcfilelist",
			);
			runOnlyForDeploymentPostprocessing = 0;
			shellPath = /bin/sh;
			shellScript = "\"${PODS_ROOT}/Target Support Files/Pods-ZappApple-ZappAppleTests/Pods-ZappApple-ZappAppleTests-resources.sh\"\n";
			showEnvVarsInLog = 0;
		};
		117D4B2C7FC9D1B8E1E37F7A /* [CP] Check Pods Manifest.lock */ = {
			isa = PBXShellScriptBuildPhase;
			buildActionMask = 2147483647;
			files = (
			);
			inputFileListPaths = (
			);
			inputPaths = (
				"${PODS_PODFILE_DIR_PATH}/Podfile.lock",
				"${PODS_ROOT}/Manifest.lock",
			);
			name = "[CP] Check Pods Manifest.lock";
			outputFileListPaths = (
			);
			outputPaths = (
				"$(DERIVED_FILE_DIR)/Pods-ZappApple-checkManifestLockResult.txt",
			);
			runOnlyForDeploymentPostprocessing = 0;
			shellPath = /bin/sh;
			shellScript = "diff \"${PODS_PODFILE_DIR_PATH}/Podfile.lock\" \"${PODS_ROOT}/Manifest.lock\" > /dev/null\nif [ $? != 0 ] ; then\n    # print error to STDERR\n    echo \"error: The sandbox is not in sync with the Podfile.lock. Run 'pod install' or update your CocoaPods installation.\" >&2\n    exit 1\nfi\n# This output is used by Xcode 'outputs' to avoid re-running this script phase.\necho \"SUCCESS\" > \"${SCRIPT_OUTPUT_FILE_0}\"\n";
			showEnvVarsInLog = 0;
		};
		169193DC639353BACD1D07B4 /* [CP] Copy Pods Resources */ = {
			isa = PBXShellScriptBuildPhase;
			buildActionMask = 2147483647;
			files = (
			);
			inputFileListPaths = (
				"${PODS_ROOT}/Target Support Files/Pods-ZappApple/Pods-ZappApple-resources-${CONFIGURATION}-input-files.xcfilelist",
			);
			name = "[CP] Copy Pods Resources";
			outputFileListPaths = (
				"${PODS_ROOT}/Target Support Files/Pods-ZappApple/Pods-ZappApple-resources-${CONFIGURATION}-output-files.xcfilelist",
			);
			runOnlyForDeploymentPostprocessing = 0;
			shellPath = /bin/sh;
			shellScript = "\"${PODS_ROOT}/Target Support Files/Pods-ZappApple/Pods-ZappApple-resources.sh\"\n";
			showEnvVarsInLog = 0;
		};
		32DC27DF949482CD58AC5B74 /* [CP] Check Pods Manifest.lock */ = {
			isa = PBXShellScriptBuildPhase;
			buildActionMask = 2147483647;
			files = (
			);
			inputFileListPaths = (
			);
			inputPaths = (
				"${PODS_PODFILE_DIR_PATH}/Podfile.lock",
				"${PODS_ROOT}/Manifest.lock",
			);
			name = "[CP] Check Pods Manifest.lock";
			outputFileListPaths = (
			);
			outputPaths = (
				"$(DERIVED_FILE_DIR)/Pods-ZappApple-ZappAppleTests-checkManifestLockResult.txt",
			);
			runOnlyForDeploymentPostprocessing = 0;
			shellPath = /bin/sh;
			shellScript = "diff \"${PODS_PODFILE_DIR_PATH}/Podfile.lock\" \"${PODS_ROOT}/Manifest.lock\" > /dev/null\nif [ $? != 0 ] ; then\n    # print error to STDERR\n    echo \"error: The sandbox is not in sync with the Podfile.lock. Run 'pod install' or update your CocoaPods installation.\" >&2\n    exit 1\nfi\n# This output is used by Xcode 'outputs' to avoid re-running this script phase.\necho \"SUCCESS\" > \"${SCRIPT_OUTPUT_FILE_0}\"\n";
			showEnvVarsInLog = 0;
		};
		554317F3067ADA828D28D300 /* [CP] Embed Pods Frameworks */ = {
			isa = PBXShellScriptBuildPhase;
			buildActionMask = 2147483647;
			files = (
			);
			inputFileListPaths = (
				"${PODS_ROOT}/Target Support Files/Pods-ZappApple-ZappAppleTests/Pods-ZappApple-ZappAppleTests-frameworks-${CONFIGURATION}-input-files.xcfilelist",
			);
			name = "[CP] Embed Pods Frameworks";
			outputFileListPaths = (
				"${PODS_ROOT}/Target Support Files/Pods-ZappApple-ZappAppleTests/Pods-ZappApple-ZappAppleTests-frameworks-${CONFIGURATION}-output-files.xcfilelist",
			);
			runOnlyForDeploymentPostprocessing = 0;
			shellPath = /bin/sh;
			shellScript = "\"${PODS_ROOT}/Target Support Files/Pods-ZappApple-ZappAppleTests/Pods-ZappApple-ZappAppleTests-frameworks.sh\"\n";
			showEnvVarsInLog = 0;
		};
/* End PBXShellScriptBuildPhase section */

/* Begin PBXSourcesBuildPhase section */
		407851F223C64BF2006E4EAC /* Sources */ = {
			isa = PBXSourcesBuildPhase;
			buildActionMask = 2147483647;
			files = (
				407852AC23C64C51006E4EAC /* UIColor+Additions.swift in Sources */,
				4078529A23C64C51006E4EAC /* LoadingStateMachine.swift in Sources */,
				4078529C23C64C51006E4EAC /* LoadingStateMachineDelegate.swift in Sources */,
				4078527823C64C51006E4EAC /* PlayerDependantPluginsManager.swift in Sources */,
				4078528D23C64C51006E4EAC /* StoragesConsts.swift in Sources */,
				407852A623C64C51006E4EAC /* DataManager.swift in Sources */,
				4078529323C64C51006E4EAC /* APCachedModel.swift in Sources */,
				4078528623C64C51006E4EAC /* RootViewController+FacadeConnectorPluginManagerProtocol.swift in Sources */,
				407852A123C64C51006E4EAC /* HTTPStatusCode.swift in Sources */,
				407852A723C64C51006E4EAC /* LoadingManager.swift in Sources */,
				407852B023C64C51006E4EAC /* String+APAdditions.swift in Sources */,
				4078527C23C64C51006E4EAC /* AnalyticsManager.swift in Sources */,
				4078529023C64C51006E4EAC /* JsonSerializableProtocol.swift in Sources */,
				4078529523C64C51006E4EAC /* FeaturesCusimizationConsts.swift in Sources */,
				4078529423C64C51006E4EAC /* FeaturesCustomization.swift in Sources */,
				4078528123C64C51006E4EAC /* RootViewController.swift in Sources */,
				407852A323C64C51006E4EAC /* ReachabilityManager.swift in Sources */,
				4078528023C64C51006E4EAC /* RootViewController+AppLoadingStateMachineDataSource.swift in Sources */,
				4078529123C64C51006E4EAC /* APCacheHelper.swift in Sources */,
				4078527723C64C51006E4EAC /* PlayerDependantPluginsManager+PlayerObserverProtocol.swift in Sources */,
				407852A923C64C51006E4EAC /* AnalyticsKeys.swift in Sources */,
				407852A423C64C51006E4EAC /* ReachabilityManagerDelegate.swift in Sources */,
				4078529223C64C51006E4EAC /* APFile.swift in Sources */,
				4078528323C64C51006E4EAC /* RootViewController+FacadeConnectorPlayerDependantProtocol.swift in Sources */,
				4078528823C64C51006E4EAC /* SessionStorage.swift in Sources */,
				4078529D23C64C51006E4EAC /* LoadingStateMachineDataSource.swift in Sources */,
				4078529623C64C51006E4EAC /* SpotlightSubscription.swift in Sources */,
				407852AA23C64C51006E4EAC /* AssetsKeys.swift in Sources */,
				4078528523C64C51006E4EAC /* RootViewController+FacadeConnectorStorageProtocol.swift in Sources */,
				407852A223C64C51006E4EAC /* Keychain.m in Sources */,
				4078527D23C64C51006E4EAC /* CrashlogsPluginsManager.swift in Sources */,
				4078529823C64C51006E4EAC /* UserInterfaceLayerManager.swift in Sources */,
				407852A823C64C51006E4EAC /* IdentityClient.swift in Sources */,
				4078528B23C64C51006E4EAC /* ZappStorageProtocol.swift in Sources */,
				4078527E23C64C51006E4EAC /* AppDelegateProtocol.swift in Sources */,
				4078529F23C64C51006E4EAC /* StylesHelper.swift in Sources */,
				4078529E23C64C51006E4EAC /* CoreStylesKeys.swift in Sources */,
				407852AF23C64C51006E4EAC /* UIViewController+Additions.swift in Sources */,
				407852AD23C64C51006E4EAC /* UIView+Additions.swift in Sources */,
				4078528723C64C51006E4EAC /* RootViewController+ReachabilityManagerDelegate.swift in Sources */,
				4078529923C64C51006E4EAC /* LoadingState.swift in Sources */,
				4078529B23C64C51006E4EAC /* LoadingStateConst.swift in Sources */,
				407852AB23C64C51006E4EAC /* UIApplication+Extension.swift in Sources */,
				4078528A23C64C51006E4EAC /* LocalStorage.swift in Sources */,
				4078528F23C64C51006E4EAC /* APFileLoadingCompletion.swift in Sources */,
				4078527A23C64C51006E4EAC /* PluginManager+LoadingStateMachineDataSource.swift in Sources */,
				407852AE23C64C51006E4EAC /* AVUrlAsset+Extensions.swift in Sources */,
				4078528C23C64C51006E4EAC /* StorageHelper.swift in Sources */,
				4078527923C64C51006E4EAC /* PluginsManager+Utils.swift in Sources */,
				4078528E23C64C51006E4EAC /* APCacheManager.swift in Sources */,
				4078527B23C64C51006E4EAC /* PluginsManager.swift in Sources */,
				4078528923C64C51006E4EAC /* StorageInitialization.swift in Sources */,
				4078527623C64C51006E4EAC /* MsAppCenterDistributionHandler.swift in Sources */,
				4078528423C64C51006E4EAC /* RootViewController+FacadeConnectorAppDataProtocol.swift in Sources */,
				407852A523C64C51006E4EAC /* IdentityClientBase.swift in Sources */,
				4078527F23C64C51006E4EAC /* SplashViewController.swift in Sources */,
				4078528223C64C51006E4EAC /* RootViewController+FacadeConnectorAnalyticsProtocol.swift in Sources */,
			);
			runOnlyForDeploymentPostprocessing = 0;
		};
		407851FB23C64BF2006E4EAC /* Sources */ = {
			isa = PBXSourcesBuildPhase;
			buildActionMask = 2147483647;
			files = (
				4078520523C64BF2006E4EAC /* ZappAppleTests.swift in Sources */,
			);
			runOnlyForDeploymentPostprocessing = 0;
		};
/* End PBXSourcesBuildPhase section */

/* Begin PBXTargetDependency section */
		4078520223C64BF2006E4EAC /* PBXTargetDependency */ = {
			isa = PBXTargetDependency;
			target = 407851F523C64BF2006E4EAC /* ZappApple */;
			targetProxy = 4078520123C64BF2006E4EAC /* PBXContainerItemProxy */;
		};
/* End PBXTargetDependency section */

/* Begin XCBuildConfiguration section */
		4078520823C64BF2006E4EAC /* Debug */ = {
			isa = XCBuildConfiguration;
			buildSettings = {
				ALWAYS_SEARCH_USER_PATHS = NO;
				CLANG_ANALYZER_NONNULL = YES;
				CLANG_ANALYZER_NUMBER_OBJECT_CONVERSION = YES_AGGRESSIVE;
				CLANG_CXX_LANGUAGE_STANDARD = "gnu++14";
				CLANG_CXX_LIBRARY = "libc++";
				CLANG_ENABLE_MODULES = YES;
				CLANG_ENABLE_OBJC_ARC = YES;
				CLANG_ENABLE_OBJC_WEAK = YES;
				CLANG_WARN_BLOCK_CAPTURE_AUTORELEASING = YES;
				CLANG_WARN_BOOL_CONVERSION = YES;
				CLANG_WARN_COMMA = YES;
				CLANG_WARN_CONSTANT_CONVERSION = YES;
				CLANG_WARN_DEPRECATED_OBJC_IMPLEMENTATIONS = YES;
				CLANG_WARN_DIRECT_OBJC_ISA_USAGE = YES_ERROR;
				CLANG_WARN_DOCUMENTATION_COMMENTS = YES;
				CLANG_WARN_EMPTY_BODY = YES;
				CLANG_WARN_ENUM_CONVERSION = YES;
				CLANG_WARN_INFINITE_RECURSION = YES;
				CLANG_WARN_INT_CONVERSION = YES;
				CLANG_WARN_NON_LITERAL_NULL_CONVERSION = YES;
				CLANG_WARN_OBJC_IMPLICIT_RETAIN_SELF = YES;
				CLANG_WARN_OBJC_LITERAL_CONVERSION = YES;
				CLANG_WARN_OBJC_ROOT_CLASS = YES_ERROR;
				CLANG_WARN_RANGE_LOOP_ANALYSIS = YES;
				CLANG_WARN_STRICT_PROTOTYPES = YES;
				CLANG_WARN_SUSPICIOUS_MOVE = YES;
				CLANG_WARN_UNGUARDED_AVAILABILITY = YES_AGGRESSIVE;
				CLANG_WARN_UNREACHABLE_CODE = YES;
				CLANG_WARN__DUPLICATE_METHOD_MATCH = YES;
				COPY_PHASE_STRIP = NO;
				CURRENT_PROJECT_VERSION = 1;
				DEBUG_INFORMATION_FORMAT = dwarf;
				ENABLE_STRICT_OBJC_MSGSEND = YES;
				ENABLE_TESTABILITY = YES;
				GCC_C_LANGUAGE_STANDARD = gnu11;
				GCC_DYNAMIC_NO_PIC = NO;
				GCC_NO_COMMON_BLOCKS = YES;
				GCC_OPTIMIZATION_LEVEL = 0;
				GCC_PREPROCESSOR_DEFINITIONS = (
					"DEBUG=1",
					"$(inherited)",
				);
				GCC_WARN_64_TO_32_BIT_CONVERSION = YES;
				GCC_WARN_ABOUT_RETURN_TYPE = YES_ERROR;
				GCC_WARN_UNDECLARED_SELECTOR = YES;
				GCC_WARN_UNINITIALIZED_AUTOS = YES_AGGRESSIVE;
				GCC_WARN_UNUSED_FUNCTION = YES;
				GCC_WARN_UNUSED_VARIABLE = YES;
				IPHONEOS_DEPLOYMENT_TARGET = 13.2;
				MTL_ENABLE_DEBUG_INFO = INCLUDE_SOURCE;
				MTL_FAST_MATH = YES;
				ONLY_ACTIVE_ARCH = YES;
				SDKROOT = iphoneos;
				SWIFT_ACTIVE_COMPILATION_CONDITIONS = DEBUG;
				SWIFT_OPTIMIZATION_LEVEL = "-Onone";
				VERSIONING_SYSTEM = "apple-generic";
				VERSION_INFO_PREFIX = "";
			};
			name = Debug;
		};
		4078520923C64BF2006E4EAC /* Release */ = {
			isa = XCBuildConfiguration;
			buildSettings = {
				ALWAYS_SEARCH_USER_PATHS = NO;
				CLANG_ANALYZER_NONNULL = YES;
				CLANG_ANALYZER_NUMBER_OBJECT_CONVERSION = YES_AGGRESSIVE;
				CLANG_CXX_LANGUAGE_STANDARD = "gnu++14";
				CLANG_CXX_LIBRARY = "libc++";
				CLANG_ENABLE_MODULES = YES;
				CLANG_ENABLE_OBJC_ARC = YES;
				CLANG_ENABLE_OBJC_WEAK = YES;
				CLANG_WARN_BLOCK_CAPTURE_AUTORELEASING = YES;
				CLANG_WARN_BOOL_CONVERSION = YES;
				CLANG_WARN_COMMA = YES;
				CLANG_WARN_CONSTANT_CONVERSION = YES;
				CLANG_WARN_DEPRECATED_OBJC_IMPLEMENTATIONS = YES;
				CLANG_WARN_DIRECT_OBJC_ISA_USAGE = YES_ERROR;
				CLANG_WARN_DOCUMENTATION_COMMENTS = YES;
				CLANG_WARN_EMPTY_BODY = YES;
				CLANG_WARN_ENUM_CONVERSION = YES;
				CLANG_WARN_INFINITE_RECURSION = YES;
				CLANG_WARN_INT_CONVERSION = YES;
				CLANG_WARN_NON_LITERAL_NULL_CONVERSION = YES;
				CLANG_WARN_OBJC_IMPLICIT_RETAIN_SELF = YES;
				CLANG_WARN_OBJC_LITERAL_CONVERSION = YES;
				CLANG_WARN_OBJC_ROOT_CLASS = YES_ERROR;
				CLANG_WARN_RANGE_LOOP_ANALYSIS = YES;
				CLANG_WARN_STRICT_PROTOTYPES = YES;
				CLANG_WARN_SUSPICIOUS_MOVE = YES;
				CLANG_WARN_UNGUARDED_AVAILABILITY = YES_AGGRESSIVE;
				CLANG_WARN_UNREACHABLE_CODE = YES;
				CLANG_WARN__DUPLICATE_METHOD_MATCH = YES;
				COPY_PHASE_STRIP = NO;
				CURRENT_PROJECT_VERSION = 1;
				DEBUG_INFORMATION_FORMAT = "dwarf-with-dsym";
				ENABLE_NS_ASSERTIONS = NO;
				ENABLE_STRICT_OBJC_MSGSEND = YES;
				GCC_C_LANGUAGE_STANDARD = gnu11;
				GCC_NO_COMMON_BLOCKS = YES;
				GCC_WARN_64_TO_32_BIT_CONVERSION = YES;
				GCC_WARN_ABOUT_RETURN_TYPE = YES_ERROR;
				GCC_WARN_UNDECLARED_SELECTOR = YES;
				GCC_WARN_UNINITIALIZED_AUTOS = YES_AGGRESSIVE;
				GCC_WARN_UNUSED_FUNCTION = YES;
				GCC_WARN_UNUSED_VARIABLE = YES;
				IPHONEOS_DEPLOYMENT_TARGET = 13.2;
				MTL_ENABLE_DEBUG_INFO = NO;
				MTL_FAST_MATH = YES;
				SDKROOT = iphoneos;
				SWIFT_COMPILATION_MODE = wholemodule;
				SWIFT_OPTIMIZATION_LEVEL = "-O";
				VALIDATE_PRODUCT = YES;
				VERSIONING_SYSTEM = "apple-generic";
				VERSION_INFO_PREFIX = "";
			};
			name = Release;
		};
		4078520B23C64BF2006E4EAC /* Debug */ = {
			isa = XCBuildConfiguration;
			baseConfigurationReference = A744E1EF37693F91D7E60D9E /* Pods-ZappApple.debug.xcconfig */;
			buildSettings = {
				CODE_SIGN_STYLE = Automatic;
				DEFINES_MODULE = YES;
				DYLIB_COMPATIBILITY_VERSION = 1;
				DYLIB_CURRENT_VERSION = 1;
				DYLIB_INSTALL_NAME_BASE = "@rpath";
				INFOPLIST_FILE = ZappApple/Info.plist;
				INSTALL_PATH = "$(LOCAL_LIBRARY_DIR)/Frameworks";
				IPHONEOS_DEPLOYMENT_TARGET = 10.0;
				LD_RUNPATH_SEARCH_PATHS = (
					"$(inherited)",
					"@executable_path/Frameworks",
					"@loader_path/Frameworks",
				);
				PRODUCT_BUNDLE_IDENTIFIER = FrameworksApp.applicaster.com.ZappApple;
				PRODUCT_NAME = "$(TARGET_NAME:c99extidentifier)";
				SKIP_INSTALL = YES;
				SWIFT_VERSION = 5.0;
				TARGETED_DEVICE_FAMILY = "1,2";
			};
			name = Debug;
		};
		4078520C23C64BF2006E4EAC /* Release */ = {
			isa = XCBuildConfiguration;
			baseConfigurationReference = 8F52EEA11A3AA77FA3F80915 /* Pods-ZappApple.release.xcconfig */;
			buildSettings = {
				CODE_SIGN_STYLE = Automatic;
				DEFINES_MODULE = YES;
				DYLIB_COMPATIBILITY_VERSION = 1;
				DYLIB_CURRENT_VERSION = 1;
				DYLIB_INSTALL_NAME_BASE = "@rpath";
				INFOPLIST_FILE = ZappApple/Info.plist;
				INSTALL_PATH = "$(LOCAL_LIBRARY_DIR)/Frameworks";
				IPHONEOS_DEPLOYMENT_TARGET = 10.0;
				LD_RUNPATH_SEARCH_PATHS = (
					"$(inherited)",
					"@executable_path/Frameworks",
					"@loader_path/Frameworks",
				);
				PRODUCT_BUNDLE_IDENTIFIER = FrameworksApp.applicaster.com.ZappApple;
				PRODUCT_NAME = "$(TARGET_NAME:c99extidentifier)";
				SKIP_INSTALL = YES;
				SWIFT_VERSION = 5.0;
				TARGETED_DEVICE_FAMILY = "1,2";
			};
			name = Release;
		};
		4078520E23C64BF2006E4EAC /* Debug */ = {
			isa = XCBuildConfiguration;
			baseConfigurationReference = C845E31A47C44D21DF8540C6 /* Pods-ZappApple-ZappAppleTests.debug.xcconfig */;
			buildSettings = {
				CODE_SIGN_STYLE = Automatic;
				INFOPLIST_FILE = ZappAppleTests/Info.plist;
				LD_RUNPATH_SEARCH_PATHS = (
					"$(inherited)",
					"@executable_path/Frameworks",
					"@loader_path/Frameworks",
				);
				PRODUCT_BUNDLE_IDENTIFIER = FrameworksApp.applicaster.com.ZappAppleTests;
				PRODUCT_NAME = "$(TARGET_NAME)";
				SWIFT_VERSION = 5.0;
				TARGETED_DEVICE_FAMILY = "1,2";
			};
			name = Debug;
		};
		4078520F23C64BF2006E4EAC /* Release */ = {
			isa = XCBuildConfiguration;
			baseConfigurationReference = B672C1FE6CF8CC318F2DB7FA /* Pods-ZappApple-ZappAppleTests.release.xcconfig */;
			buildSettings = {
				CODE_SIGN_STYLE = Automatic;
				INFOPLIST_FILE = ZappAppleTests/Info.plist;
				LD_RUNPATH_SEARCH_PATHS = (
					"$(inherited)",
					"@executable_path/Frameworks",
					"@loader_path/Frameworks",
				);
				PRODUCT_BUNDLE_IDENTIFIER = FrameworksApp.applicaster.com.ZappAppleTests;
				PRODUCT_NAME = "$(TARGET_NAME)";
				SWIFT_VERSION = 5.0;
				TARGETED_DEVICE_FAMILY = "1,2";
			};
			name = Release;
		};
/* End XCBuildConfiguration section */

/* Begin XCConfigurationList section */
		407851F023C64BF2006E4EAC /* Build configuration list for PBXProject "ZappApple" */ = {
			isa = XCConfigurationList;
			buildConfigurations = (
				4078520823C64BF2006E4EAC /* Debug */,
				4078520923C64BF2006E4EAC /* Release */,
			);
			defaultConfigurationIsVisible = 0;
			defaultConfigurationName = Release;
		};
		4078520A23C64BF2006E4EAC /* Build configuration list for PBXNativeTarget "ZappApple" */ = {
			isa = XCConfigurationList;
			buildConfigurations = (
				4078520B23C64BF2006E4EAC /* Debug */,
				4078520C23C64BF2006E4EAC /* Release */,
			);
			defaultConfigurationIsVisible = 0;
			defaultConfigurationName = Release;
		};
		4078520D23C64BF2006E4EAC /* Build configuration list for PBXNativeTarget "ZappAppleTests" */ = {
			isa = XCConfigurationList;
			buildConfigurations = (
				4078520E23C64BF2006E4EAC /* Debug */,
				4078520F23C64BF2006E4EAC /* Release */,
			);
			defaultConfigurationIsVisible = 0;
			defaultConfigurationName = Release;
		};
/* End XCConfigurationList section */
	};
	rootObject = 407851ED23C64BF2006E4EAC /* Project object */;
}
